// !$*UTF8*$!
{
	archiveVersion = 1;
	classes = {
	};
	objectVersion = 46;
	objects = {

/* Begin PBXBuildFile section */
		1127E3952376E1B300FED443 /* granufm.mc~.cpp in Sources */ = {isa = PBXBuildFile; fileRef = 11671A32234BAC6D00D26BDC /* granufm.mc~.cpp */; };
		1127E3962376E1B300FED443 /* commonsyms.c in Sources */ = {isa = PBXBuildFile; fileRef = 11C4E0A12333679E00557DE7 /* commonsyms.c */; };
		1127E3972376E1B300FED443 /* fm_grain.cpp in Sources */ = {isa = PBXBuildFile; fileRef = 11671A34234BAD5800D26BDC /* fm_grain.cpp */; };
		1127E3992376E1B300FED443 /* Carbon.framework in Frameworks */ = {isa = PBXBuildFile; fileRef = 1127C33C1B1371DE0023344D /* Carbon.framework */; };
		1127E39A2376E1B300FED443 /* MaxAudioAPI.framework in Frameworks */ = {isa = PBXBuildFile; fileRef = 11B5B7111F968D2B006A713D /* MaxAudioAPI.framework */; };
		1127E3A32376E34800FED443 /* buffer_proxy.cpp in Sources */ = {isa = PBXBuildFile; fileRef = 1127E3A02376E34800FED443 /* buffer_proxy.cpp */; };
		1127E3A72376E38B00FED443 /* granu_mc_utils.cpp in Sources */ = {isa = PBXBuildFile; fileRef = 1127E3A52376E38B00FED443 /* granu_mc_utils.cpp */; };
		1127E3AA2376E3FF00FED443 /* smc.c in Sources */ = {isa = PBXBuildFile; fileRef = 1127E3A92376E3FF00FED443 /* smc.c */; };
		1127E3AB2376E44E00FED443 /* buffer_proxy.cpp in Sources */ = {isa = PBXBuildFile; fileRef = 1127E3A02376E34800FED443 /* buffer_proxy.cpp */; };
		1127E3AE2376E4A700FED443 /* mc.polywave~.cpp in Sources */ = {isa = PBXBuildFile; fileRef = 1127E3AD2376E4A700FED443 /* mc.polywave~.cpp */; };
		1150BE551B44B42100ABFA9C /* Carbon.framework in Frameworks */ = {isa = PBXBuildFile; fileRef = 1127C33C1B1371DE0023344D /* Carbon.framework */; };
		1150BE5E1B44B43800ABFA9C /* granubuf~.c in Sources */ = {isa = PBXBuildFile; fileRef = 1150BE5D1B44B43800ABFA9C /* granubuf~.c */; };
		1150BE6A1B44B7CD00ABFA9C /* Carbon.framework in Frameworks */ = {isa = PBXBuildFile; fileRef = 1127C33C1B1371DE0023344D /* Carbon.framework */; };
		1150BE721B44B81400ABFA9C /* polywave~.c in Sources */ = {isa = PBXBuildFile; fileRef = 1150BE711B44B81400ABFA9C /* polywave~.c */; };
		11671A25234BAB8D00D26BDC /* commonsyms.c in Sources */ = {isa = PBXBuildFile; fileRef = 11C4E0A12333679E00557DE7 /* commonsyms.c */; };
		11671A2A234BAB8D00D26BDC /* Carbon.framework in Frameworks */ = {isa = PBXBuildFile; fileRef = 1127C33C1B1371DE0023344D /* Carbon.framework */; };
		11671A2B234BAB8D00D26BDC /* MaxAudioAPI.framework in Frameworks */ = {isa = PBXBuildFile; fileRef = 11B5B7111F968D2B006A713D /* MaxAudioAPI.framework */; };
		11671A33234BAC6D00D26BDC /* granufm.mc~.cpp in Sources */ = {isa = PBXBuildFile; fileRef = 11671A32234BAC6D00D26BDC /* granufm.mc~.cpp */; };
		11671A36234BAD5800D26BDC /* fm_grain.cpp in Sources */ = {isa = PBXBuildFile; fileRef = 11671A34234BAD5800D26BDC /* fm_grain.cpp */; };
		11B5B7061F96805B006A713D /* Carbon.framework in Frameworks */ = {isa = PBXBuildFile; fileRef = 1127C33C1B1371DE0023344D /* Carbon.framework */; };
		11B5B70F1F96808D006A713D /* o.phase.points~.cpp in Sources */ = {isa = PBXBuildFile; fileRef = 11B5B70D1F96808D006A713D /* o.phase.points~.cpp */; };
		11B5B7121F968D2B006A713D /* MaxAudioAPI.framework in Frameworks */ = {isa = PBXBuildFile; fileRef = 11B5B7111F968D2B006A713D /* MaxAudioAPI.framework */; };
		11C4E04B232E5AB200557DE7 /* Carbon.framework in Frameworks */ = {isa = PBXBuildFile; fileRef = 1127C33C1B1371DE0023344D /* Carbon.framework */; };
		11C4E04C232E5AB200557DE7 /* MaxAudioAPI.framework in Frameworks */ = {isa = PBXBuildFile; fileRef = 11B5B7111F968D2B006A713D /* MaxAudioAPI.framework */; };
		11C4E0712330C61000557DE7 /* main.cpp in Sources */ = {isa = PBXBuildFile; fileRef = 11C4E0702330C61000557DE7 /* main.cpp */; };
		11C4E07C23310A0900557DE7 /* Carbon.framework in Frameworks */ = {isa = PBXBuildFile; fileRef = 1127C33C1B1371DE0023344D /* Carbon.framework */; };
		11C4E07D23310A0900557DE7 /* MaxAudioAPI.framework in Frameworks */ = {isa = PBXBuildFile; fileRef = 11B5B7111F968D2B006A713D /* MaxAudioAPI.framework */; };
		11C4E08523310A4700557DE7 /* mc.tester~.cpp in Sources */ = {isa = PBXBuildFile; fileRef = 11C4E08323310A4700557DE7 /* mc.tester~.cpp */; };
		11C4E08B2333604500557DE7 /* Carbon.framework in Frameworks */ = {isa = PBXBuildFile; fileRef = 1127C33C1B1371DE0023344D /* Carbon.framework */; };
		11C4E08C2333604500557DE7 /* MaxAudioAPI.framework in Frameworks */ = {isa = PBXBuildFile; fileRef = 11B5B7111F968D2B006A713D /* MaxAudioAPI.framework */; };
		11C4E096233360B700557DE7 /* ext_polybuffer.c in Sources */ = {isa = PBXBuildFile; fileRef = 11C4E094233360B700557DE7 /* ext_polybuffer.c */; };
		11C4E097233360B700557DE7 /* polybuffer_tester.c in Sources */ = {isa = PBXBuildFile; fileRef = 11C4E095233360B700557DE7 /* polybuffer_tester.c */; };
		11C4E09F233361C800557DE7 /* grain.cpp in Sources */ = {isa = PBXBuildFile; fileRef = 11C4E09C233361C800557DE7 /* grain.cpp */; };
		11C4E0A0233361C800557DE7 /* granubufmc.cpp in Sources */ = {isa = PBXBuildFile; fileRef = 11C4E09D233361C800557DE7 /* granubufmc.cpp */; };
		11C4E0A22333679F00557DE7 /* commonsyms.c in Sources */ = {isa = PBXBuildFile; fileRef = 11C4E0A12333679E00557DE7 /* commonsyms.c */; };
		11C4E0A32333679F00557DE7 /* commonsyms.c in Sources */ = {isa = PBXBuildFile; fileRef = 11C4E0A12333679E00557DE7 /* commonsyms.c */; };
		11C4E0A42333679F00557DE7 /* commonsyms.c in Sources */ = {isa = PBXBuildFile; fileRef = 11C4E0A12333679E00557DE7 /* commonsyms.c */; };
		11C4E0A52333679F00557DE7 /* commonsyms.c in Sources */ = {isa = PBXBuildFile; fileRef = 11C4E0A12333679E00557DE7 /* commonsyms.c */; };
		11C4E0A62333679F00557DE7 /* commonsyms.c in Sources */ = {isa = PBXBuildFile; fileRef = 11C4E0A12333679E00557DE7 /* commonsyms.c */; };
		11C4E0A72333679F00557DE7 /* commonsyms.c in Sources */ = {isa = PBXBuildFile; fileRef = 11C4E0A12333679E00557DE7 /* commonsyms.c */; };
		11C4E0A82333679F00557DE7 /* commonsyms.c in Sources */ = {isa = PBXBuildFile; fileRef = 11C4E0A12333679E00557DE7 /* commonsyms.c */; };
		11C4E0A92333679F00557DE7 /* commonsyms.c in Sources */ = {isa = PBXBuildFile; fileRef = 11C4E0A12333679E00557DE7 /* commonsyms.c */; };
		11C4E0AA2333679F00557DE7 /* commonsyms.c in Sources */ = {isa = PBXBuildFile; fileRef = 11C4E0A12333679E00557DE7 /* commonsyms.c */; };
		11C4E0AB2333679F00557DE7 /* commonsyms.c in Sources */ = {isa = PBXBuildFile; fileRef = 11C4E0A12333679E00557DE7 /* commonsyms.c */; };
		11D1B97E1B44B9A3000DED3C /* Carbon.framework in Frameworks */ = {isa = PBXBuildFile; fileRef = 1127C33C1B1371DE0023344D /* Carbon.framework */; };
		11D1B9851B44B9C5000DED3C /* granufm~.c in Sources */ = {isa = PBXBuildFile; fileRef = 1150BE7F1B44B8CF00ABFA9C /* granufm~.c */; };
		11D1B98B1B44BA0B000DED3C /* Carbon.framework in Frameworks */ = {isa = PBXBuildFile; fileRef = 1127C33C1B1371DE0023344D /* Carbon.framework */; };
		11D1B9931B44BA41000DED3C /* shot.ms~.c in Sources */ = {isa = PBXBuildFile; fileRef = 11D1B9921B44BA41000DED3C /* shot.ms~.c */; };
		11D1B9991B44BA5C000DED3C /* Carbon.framework in Frameworks */ = {isa = PBXBuildFile; fileRef = 1127C33C1B1371DE0023344D /* Carbon.framework */; };
		11D1B9A11B44BA8B000DED3C /* localpeak~.c in Sources */ = {isa = PBXBuildFile; fileRef = 11D1B9A01B44BA8B000DED3C /* localpeak~.c */; };
		21D875EB215974A70068B7BD /* MaxAudioAPI.framework in Frameworks */ = {isa = PBXBuildFile; fileRef = 11B5B7111F968D2B006A713D /* MaxAudioAPI.framework */; };
		21D875EC215974A70068B7BD /* Carbon.framework in Frameworks */ = {isa = PBXBuildFile; fileRef = 1127C33C1B1371DE0023344D /* Carbon.framework */; };
		21D875F52159762C0068B7BD /* temperature.c in Sources */ = {isa = PBXBuildFile; fileRef = 21D875F42159762C0068B7BD /* temperature.c */; };
		21D875FA21597BF30068B7BD /* IOKit.framework in Frameworks */ = {isa = PBXBuildFile; fileRef = 21D875F921597BF30068B7BD /* IOKit.framework */; };
		21DCF873216DDB8400AF432E /* MaxAudioAPI.framework in Frameworks */ = {isa = PBXBuildFile; fileRef = 11B5B7111F968D2B006A713D /* MaxAudioAPI.framework */; };
/* End PBXBuildFile section */

/* Begin PBXCopyFilesBuildPhase section */
		11C4E06C2330C61000557DE7 /* CopyFiles */ = {
			isa = PBXCopyFilesBuildPhase;
			buildActionMask = 2147483647;
			dstPath = /usr/share/man/man1/;
			dstSubfolderSpec = 0;
			files = (
			);
			runOnlyForDeploymentPostprocessing = 1;
		};
/* End PBXCopyFilesBuildPhase section */

/* Begin PBXFileReference section */
		1127C3381B1371A80023344D /* libo.a */ = {isa = PBXFileReference; lastKnownFileType = archive.ar; name = libo.a; path = ../../libo/libo.a; sourceTree = "<group>"; };
		1127C33A1B1371B70023344D /* libomax.a */ = {isa = PBXFileReference; lastKnownFileType = archive.ar; name = libomax.a; path = ../../libomax/libomax.a; sourceTree = "<group>"; };
		1127C33C1B1371DE0023344D /* Carbon.framework */ = {isa = PBXFileReference; lastKnownFileType = wrapper.framework; name = Carbon.framework; path = /System/Library/Frameworks/Carbon.framework; sourceTree = "<absolute>"; };
		1127E39F2376E1B300FED443 /* mc.polywave~.mxo */ = {isa = PBXFileReference; explicitFileType = wrapper.cfbundle; includeInIndex = 0; path = "mc.polywave~.mxo"; sourceTree = BUILT_PRODUCTS_DIR; };
		1127E3A02376E34800FED443 /* buffer_proxy.cpp */ = {isa = PBXFileReference; fileEncoding = 4; lastKnownFileType = sourcecode.cpp.cpp; name = buffer_proxy.cpp; path = src/include/buffer_proxy.cpp; sourceTree = SOURCE_ROOT; };
		1127E3A12376E34800FED443 /* buffer_proxy.hpp */ = {isa = PBXFileReference; fileEncoding = 4; lastKnownFileType = sourcecode.cpp.h; name = buffer_proxy.hpp; path = src/include/buffer_proxy.hpp; sourceTree = SOURCE_ROOT; };
		1127E3A42376E38B00FED443 /* granu_mc_utils.hpp */ = {isa = PBXFileReference; fileEncoding = 4; lastKnownFileType = sourcecode.cpp.h; name = granu_mc_utils.hpp; path = src/include/granu_mc_utils.hpp; sourceTree = SOURCE_ROOT; };
		1127E3A52376E38B00FED443 /* granu_mc_utils.cpp */ = {isa = PBXFileReference; fileEncoding = 4; lastKnownFileType = sourcecode.cpp.cpp; name = granu_mc_utils.cpp; path = src/include/granu_mc_utils.cpp; sourceTree = SOURCE_ROOT; };
		1127E3A82376E3FF00FED443 /* smc.h */ = {isa = PBXFileReference; fileEncoding = 4; lastKnownFileType = sourcecode.c.h; name = smc.h; path = src/include/smc.h; sourceTree = SOURCE_ROOT; };
		1127E3A92376E3FF00FED443 /* smc.c */ = {isa = PBXFileReference; fileEncoding = 4; lastKnownFileType = sourcecode.c.c; name = smc.c; path = src/include/smc.c; sourceTree = SOURCE_ROOT; };
		1127E3AD2376E4A700FED443 /* mc.polywave~.cpp */ = {isa = PBXFileReference; fileEncoding = 4; lastKnownFileType = sourcecode.cpp.cpp; name = "mc.polywave~.cpp"; path = "src/mc.polywave~/mc.polywave~.cpp"; sourceTree = SOURCE_ROOT; };
		1150BE5C1B44B42100ABFA9C /* granubuf~.mxo */ = {isa = PBXFileReference; explicitFileType = wrapper.cfbundle; includeInIndex = 0; path = "granubuf~.mxo"; sourceTree = BUILT_PRODUCTS_DIR; };
		1150BE5D1B44B43800ABFA9C /* granubuf~.c */ = {isa = PBXFileReference; fileEncoding = 4; lastKnownFileType = sourcecode.c.c; name = "granubuf~.c"; path = "src/granubuf~/granubuf~.c"; sourceTree = SOURCE_ROOT; };
		1150BE701B44B7CD00ABFA9C /* polywave~.mxo */ = {isa = PBXFileReference; explicitFileType = wrapper.cfbundle; includeInIndex = 0; path = "polywave~.mxo"; sourceTree = BUILT_PRODUCTS_DIR; };
		1150BE711B44B81400ABFA9C /* polywave~.c */ = {isa = PBXFileReference; fileEncoding = 4; lastKnownFileType = sourcecode.c.c; name = "polywave~.c"; path = "src/polywave~/polywave~.c"; sourceTree = SOURCE_ROOT; };
		1150BE7F1B44B8CF00ABFA9C /* granufm~.c */ = {isa = PBXFileReference; fileEncoding = 4; lastKnownFileType = sourcecode.c.c; name = "granufm~.c"; path = "src/granufm~/granufm~.c"; sourceTree = SOURCE_ROOT; };
		1162D4871B44A42E00A59F6B /* bezier_info.c */ = {isa = PBXFileReference; fileEncoding = 4; lastKnownFileType = sourcecode.c.c; name = bezier_info.c; path = src/include/bezier_info.c; sourceTree = SOURCE_ROOT; };
		1162D4881B44A42E00A59F6B /* bezier_info.h */ = {isa = PBXFileReference; fileEncoding = 4; lastKnownFileType = sourcecode.c.h; name = bezier_info.h; path = src/include/bezier_info.h; sourceTree = SOURCE_ROOT; };
		1162D4891B44A42E00A59F6B /* o.h */ = {isa = PBXFileReference; fileEncoding = 4; lastKnownFileType = sourcecode.c.h; name = o.h; path = src/include/o.h; sourceTree = SOURCE_ROOT; };
		11671A30234BAB8D00D26BDC /* granufm.mc~.mxo */ = {isa = PBXFileReference; explicitFileType = wrapper.cfbundle; includeInIndex = 0; path = "granufm.mc~.mxo"; sourceTree = BUILT_PRODUCTS_DIR; };
		11671A32234BAC6D00D26BDC /* granufm.mc~.cpp */ = {isa = PBXFileReference; fileEncoding = 4; lastKnownFileType = sourcecode.cpp.cpp; name = "granufm.mc~.cpp"; path = "src/granufm.mc~/granufm.mc~.cpp"; sourceTree = SOURCE_ROOT; };
		11671A34234BAD5800D26BDC /* fm_grain.cpp */ = {isa = PBXFileReference; fileEncoding = 4; lastKnownFileType = sourcecode.cpp.cpp; name = fm_grain.cpp; path = "src/granufm.mc~/fm_grain.cpp"; sourceTree = SOURCE_ROOT; };
		11671A35234BAD5800D26BDC /* fm_grain.hpp */ = {isa = PBXFileReference; fileEncoding = 4; lastKnownFileType = sourcecode.cpp.h; name = fm_grain.hpp; path = "src/granufm.mc~/fm_grain.hpp"; sourceTree = SOURCE_ROOT; };
		11B5B70C1F96805B006A713D /* o.phase.points~.mxo */ = {isa = PBXFileReference; explicitFileType = wrapper.cfbundle; includeInIndex = 0; path = "o.phase.points~.mxo"; sourceTree = BUILT_PRODUCTS_DIR; };
		11B5B70D1F96808D006A713D /* o.phase.points~.cpp */ = {isa = PBXFileReference; fileEncoding = 4; lastKnownFileType = sourcecode.cpp.cpp; name = "o.phase.points~.cpp"; path = "src/o.phase.points~/o.phase.points~.cpp"; sourceTree = SOURCE_ROOT; };
		11B5B70E1F96808D006A713D /* o.phase.points~.hpp */ = {isa = PBXFileReference; fileEncoding = 4; lastKnownFileType = sourcecode.cpp.h; name = "o.phase.points~.hpp"; path = "src/o.phase.points~/o.phase.points~.hpp"; sourceTree = SOURCE_ROOT; };
		11B5B7111F968D2B006A713D /* MaxAudioAPI.framework */ = {isa = PBXFileReference; lastKnownFileType = wrapper.framework; name = MaxAudioAPI.framework; path = "../../max-sdk/source/c74support/msp-includes/MaxAudioAPI.framework"; sourceTree = "<group>"; };
		11C4E051232E5AB200557DE7 /* granubuf.mc~.mxo */ = {isa = PBXFileReference; explicitFileType = wrapper.cfbundle; includeInIndex = 0; path = "granubuf.mc~.mxo"; sourceTree = BUILT_PRODUCTS_DIR; };
		11C4E06E2330C61000557DE7 /* quicktester */ = {isa = PBXFileReference; explicitFileType = "compiled.mach-o.executable"; includeInIndex = 0; path = quicktester; sourceTree = BUILT_PRODUCTS_DIR; };
		11C4E0702330C61000557DE7 /* main.cpp */ = {isa = PBXFileReference; lastKnownFileType = sourcecode.cpp.cpp; path = main.cpp; sourceTree = "<group>"; };
		11C4E08223310A0900557DE7 /* mc.tester~.mxo */ = {isa = PBXFileReference; explicitFileType = wrapper.cfbundle; includeInIndex = 0; path = "mc.tester~.mxo"; sourceTree = BUILT_PRODUCTS_DIR; };
		11C4E08323310A4700557DE7 /* mc.tester~.cpp */ = {isa = PBXFileReference; lastKnownFileType = sourcecode.cpp.cpp; name = "mc.tester~.cpp"; path = "src/mc.tester~/mc.tester~.cpp"; sourceTree = SOURCE_ROOT; };
		11C4E0912333604500557DE7 /* polybuffer_tester.mxo */ = {isa = PBXFileReference; explicitFileType = wrapper.cfbundle; includeInIndex = 0; path = polybuffer_tester.mxo; sourceTree = BUILT_PRODUCTS_DIR; };
		11C4E093233360B700557DE7 /* ext_polybuffer.h */ = {isa = PBXFileReference; fileEncoding = 4; lastKnownFileType = sourcecode.c.h; name = ext_polybuffer.h; path = src/polybuffer_tester/ext_polybuffer.h; sourceTree = SOURCE_ROOT; };
		11C4E094233360B700557DE7 /* ext_polybuffer.c */ = {isa = PBXFileReference; fileEncoding = 4; lastKnownFileType = sourcecode.c.c; name = ext_polybuffer.c; path = src/polybuffer_tester/ext_polybuffer.c; sourceTree = SOURCE_ROOT; };
		11C4E095233360B700557DE7 /* polybuffer_tester.c */ = {isa = PBXFileReference; fileEncoding = 4; lastKnownFileType = sourcecode.c.c; name = polybuffer_tester.c; path = src/polybuffer_tester/polybuffer_tester.c; sourceTree = SOURCE_ROOT; };
		11C4E09B233361C800557DE7 /* grain.hpp */ = {isa = PBXFileReference; fileEncoding = 4; lastKnownFileType = sourcecode.cpp.h; name = grain.hpp; path = "src/granubuf.mc~/grain.hpp"; sourceTree = SOURCE_ROOT; };
		11C4E09C233361C800557DE7 /* grain.cpp */ = {isa = PBXFileReference; fileEncoding = 4; lastKnownFileType = sourcecode.cpp.cpp; name = grain.cpp; path = "src/granubuf.mc~/grain.cpp"; sourceTree = SOURCE_ROOT; };
		11C4E09D233361C800557DE7 /* granubufmc.cpp */ = {isa = PBXFileReference; fileEncoding = 4; lastKnownFileType = sourcecode.cpp.cpp; name = granubufmc.cpp; path = "src/granubuf.mc~/granubufmc.cpp"; sourceTree = SOURCE_ROOT; };
		11C4E0A12333679E00557DE7 /* commonsyms.c */ = {isa = PBXFileReference; fileEncoding = 4; lastKnownFileType = sourcecode.c.c; name = commonsyms.c; path = "../max-sdk-base/c74support/max-includes/common/commonsyms.c"; sourceTree = "<group>"; };
		11D1B9841B44B9A3000DED3C /* granufm~.mxo */ = {isa = PBXFileReference; explicitFileType = wrapper.cfbundle; includeInIndex = 0; path = "granufm~.mxo"; sourceTree = BUILT_PRODUCTS_DIR; };
		11D1B9911B44BA0B000DED3C /* shot-ms~.mxo */ = {isa = PBXFileReference; explicitFileType = wrapper.cfbundle; includeInIndex = 0; path = "shot-ms~.mxo"; sourceTree = BUILT_PRODUCTS_DIR; };
		11D1B9921B44BA41000DED3C /* shot.ms~.c */ = {isa = PBXFileReference; fileEncoding = 4; lastKnownFileType = sourcecode.c.c; name = "shot.ms~.c"; path = "src/shot-ms~/shot.ms~.c"; sourceTree = SOURCE_ROOT; };
		11D1B99F1B44BA5C000DED3C /* localpeak~.mxo */ = {isa = PBXFileReference; explicitFileType = wrapper.cfbundle; includeInIndex = 0; path = "localpeak~.mxo"; sourceTree = BUILT_PRODUCTS_DIR; };
		11D1B9A01B44BA8B000DED3C /* localpeak~.c */ = {isa = PBXFileReference; fileEncoding = 4; lastKnownFileType = sourcecode.c.c; name = "localpeak~.c"; path = "src/localpeak~/localpeak~.c"; sourceTree = SOURCE_ROOT; };
		21D875F1215974A70068B7BD /* temperature.mxo */ = {isa = PBXFileReference; explicitFileType = wrapper.cfbundle; includeInIndex = 0; path = temperature.mxo; sourceTree = BUILT_PRODUCTS_DIR; };
		21D875F42159762C0068B7BD /* temperature.c */ = {isa = PBXFileReference; lastKnownFileType = sourcecode.c.c; name = temperature.c; path = src/temperature/temperature.c; sourceTree = SOURCE_ROOT; };
		21D875F921597BF30068B7BD /* IOKit.framework */ = {isa = PBXFileReference; lastKnownFileType = wrapper.framework; name = IOKit.framework; path = System/Library/Frameworks/IOKit.framework; sourceTree = SDKROOT; };
/* End PBXFileReference section */

/* Begin PBXFrameworksBuildPhase section */
		1127E3982376E1B300FED443 /* Frameworks */ = {
			isa = PBXFrameworksBuildPhase;
			buildActionMask = 2147483647;
			files = (
				1127E3992376E1B300FED443 /* Carbon.framework in Frameworks */,
				1127E39A2376E1B300FED443 /* MaxAudioAPI.framework in Frameworks */,
			);
			runOnlyForDeploymentPostprocessing = 0;
		};
		1150BE541B44B42100ABFA9C /* Frameworks */ = {
			isa = PBXFrameworksBuildPhase;
			buildActionMask = 2147483647;
			files = (
				1150BE551B44B42100ABFA9C /* Carbon.framework in Frameworks */,
				21DCF873216DDB8400AF432E /* MaxAudioAPI.framework in Frameworks */,
			);
			runOnlyForDeploymentPostprocessing = 0;
		};
		1150BE691B44B7CD00ABFA9C /* Frameworks */ = {
			isa = PBXFrameworksBuildPhase;
			buildActionMask = 2147483647;
			files = (
				1150BE6A1B44B7CD00ABFA9C /* Carbon.framework in Frameworks */,
			);
			runOnlyForDeploymentPostprocessing = 0;
		};
		11671A29234BAB8D00D26BDC /* Frameworks */ = {
			isa = PBXFrameworksBuildPhase;
			buildActionMask = 2147483647;
			files = (
				11671A2A234BAB8D00D26BDC /* Carbon.framework in Frameworks */,
				11671A2B234BAB8D00D26BDC /* MaxAudioAPI.framework in Frameworks */,
			);
			runOnlyForDeploymentPostprocessing = 0;
		};
		11B5B7051F96805B006A713D /* Frameworks */ = {
			isa = PBXFrameworksBuildPhase;
			buildActionMask = 2147483647;
			files = (
				11B5B7121F968D2B006A713D /* MaxAudioAPI.framework in Frameworks */,
				11B5B7061F96805B006A713D /* Carbon.framework in Frameworks */,
			);
			runOnlyForDeploymentPostprocessing = 0;
		};
		11C4E04A232E5AB200557DE7 /* Frameworks */ = {
			isa = PBXFrameworksBuildPhase;
			buildActionMask = 2147483647;
			files = (
				11C4E04B232E5AB200557DE7 /* Carbon.framework in Frameworks */,
				11C4E04C232E5AB200557DE7 /* MaxAudioAPI.framework in Frameworks */,
			);
			runOnlyForDeploymentPostprocessing = 0;
		};
		11C4E06B2330C61000557DE7 /* Frameworks */ = {
			isa = PBXFrameworksBuildPhase;
			buildActionMask = 2147483647;
			files = (
			);
			runOnlyForDeploymentPostprocessing = 0;
		};
		11C4E07B23310A0900557DE7 /* Frameworks */ = {
			isa = PBXFrameworksBuildPhase;
			buildActionMask = 2147483647;
			files = (
				11C4E07C23310A0900557DE7 /* Carbon.framework in Frameworks */,
				11C4E07D23310A0900557DE7 /* MaxAudioAPI.framework in Frameworks */,
			);
			runOnlyForDeploymentPostprocessing = 0;
		};
		11C4E08A2333604500557DE7 /* Frameworks */ = {
			isa = PBXFrameworksBuildPhase;
			buildActionMask = 2147483647;
			files = (
				11C4E08B2333604500557DE7 /* Carbon.framework in Frameworks */,
				11C4E08C2333604500557DE7 /* MaxAudioAPI.framework in Frameworks */,
			);
			runOnlyForDeploymentPostprocessing = 0;
		};
		11D1B97D1B44B9A3000DED3C /* Frameworks */ = {
			isa = PBXFrameworksBuildPhase;
			buildActionMask = 2147483647;
			files = (
				11D1B97E1B44B9A3000DED3C /* Carbon.framework in Frameworks */,
			);
			runOnlyForDeploymentPostprocessing = 0;
		};
		11D1B98A1B44BA0B000DED3C /* Frameworks */ = {
			isa = PBXFrameworksBuildPhase;
			buildActionMask = 2147483647;
			files = (
				11D1B98B1B44BA0B000DED3C /* Carbon.framework in Frameworks */,
			);
			runOnlyForDeploymentPostprocessing = 0;
		};
		11D1B9981B44BA5C000DED3C /* Frameworks */ = {
			isa = PBXFrameworksBuildPhase;
			buildActionMask = 2147483647;
			files = (
				11D1B9991B44BA5C000DED3C /* Carbon.framework in Frameworks */,
			);
			runOnlyForDeploymentPostprocessing = 0;
		};
		21D875EA215974A70068B7BD /* Frameworks */ = {
			isa = PBXFrameworksBuildPhase;
			buildActionMask = 2147483647;
			files = (
				21D875FA21597BF30068B7BD /* IOKit.framework in Frameworks */,
				21D875EB215974A70068B7BD /* MaxAudioAPI.framework in Frameworks */,
				21D875EC215974A70068B7BD /* Carbon.framework in Frameworks */,
			);
			runOnlyForDeploymentPostprocessing = 0;
		};
/* End PBXFrameworksBuildPhase section */

/* Begin PBXGroup section */
		1127C3171B1368DD0023344D = {
			isa = PBXGroup;
			children = (
				1127C3221B1368DD0023344D /* src */,
				1127C32E1B136B8A0023344D /* include */,
				1127C33E1B1371E50023344D /* framewords & libraries */,
				11C4E06F2330C61000557DE7 /* quicktester */,
				1127C3211B1368DD0023344D /* Products */,
				11B5B7101F968D2B006A713D /* Frameworks */,
			);
			sourceTree = "<group>";
		};
		1127C3211B1368DD0023344D /* Products */ = {
			isa = PBXGroup;
			children = (
				1150BE5C1B44B42100ABFA9C /* granubuf~.mxo */,
				1150BE701B44B7CD00ABFA9C /* polywave~.mxo */,
				11D1B9841B44B9A3000DED3C /* granufm~.mxo */,
				11D1B9911B44BA0B000DED3C /* shot-ms~.mxo */,
				11D1B99F1B44BA5C000DED3C /* localpeak~.mxo */,
				11B5B70C1F96805B006A713D /* o.phase.points~.mxo */,
				21D875F1215974A70068B7BD /* temperature.mxo */,
				11C4E051232E5AB200557DE7 /* granubuf.mc~.mxo */,
				11C4E06E2330C61000557DE7 /* quicktester */,
				11C4E08223310A0900557DE7 /* mc.tester~.mxo */,
				11C4E0912333604500557DE7 /* polybuffer_tester.mxo */,
				11671A30234BAB8D00D26BDC /* granufm.mc~.mxo */,
				1127E39F2376E1B300FED443 /* mc.polywave~.mxo */,
			);
			name = Products;
			sourceTree = "<group>";
		};
		1127C3221B1368DD0023344D /* src */ = {
			isa = PBXGroup;
			children = (
				1127E3AC2376E46A00FED443 /* mc.polywave~ */,
				11671A31234BAC5700D26BDC /* granufm.mc */,
				11C4E0982333614800557DE7 /* granubuf.mc */,
				11C4E092233360A600557DE7 /* polybuffer-tester */,
				11C4E08323310A4700557DE7 /* mc.tester~.cpp */,
				1150BE5D1B44B43800ABFA9C /* granubuf~.c */,
				1150BE7F1B44B8CF00ABFA9C /* granufm~.c */,
				11D1B9A01B44BA8B000DED3C /* localpeak~.c */,
				1150BE711B44B81400ABFA9C /* polywave~.c */,
				11D1B9921B44BA41000DED3C /* shot.ms~.c */,
				11B5B70D1F96808D006A713D /* o.phase.points~.cpp */,
				11B5B70E1F96808D006A713D /* o.phase.points~.hpp */,
				21D875F42159762C0068B7BD /* temperature.c */,
			);
			name = src;
			path = "svg-lib";
			sourceTree = "<group>";
		};
		1127C32E1B136B8A0023344D /* include */ = {
			isa = PBXGroup;
			children = (
				1127E3A52376E38B00FED443 /* granu_mc_utils.cpp */,
				1127E3A42376E38B00FED443 /* granu_mc_utils.hpp */,
				1127E3A02376E34800FED443 /* buffer_proxy.cpp */,
				1127E3A12376E34800FED443 /* buffer_proxy.hpp */,
				1162D4871B44A42E00A59F6B /* bezier_info.c */,
				1162D4881B44A42E00A59F6B /* bezier_info.h */,
				1127E3A92376E3FF00FED443 /* smc.c */,
				1127E3A82376E3FF00FED443 /* smc.h */,
				1162D4891B44A42E00A59F6B /* o.h */,
			);
			name = include;
			path = "svg-lib.xcodeproj";
			sourceTree = "<group>";
		};
		1127C33E1B1371E50023344D /* framewords & libraries */ = {
			isa = PBXGroup;
			children = (
				11C4E0A12333679E00557DE7 /* commonsyms.c */,
				1127C33C1B1371DE0023344D /* Carbon.framework */,
				1127C3381B1371A80023344D /* libo.a */,
				1127C33A1B1371B70023344D /* libomax.a */,
			);
			name = "framewords & libraries";
			sourceTree = "<group>";
		};
		1127E3AC2376E46A00FED443 /* mc.polywave~ */ = {
			isa = PBXGroup;
			children = (
				1127E3AD2376E4A700FED443 /* mc.polywave~.cpp */,
			);
			path = "mc.polywave~";
			sourceTree = "<group>";
		};
		11671A31234BAC5700D26BDC /* granufm.mc */ = {
			isa = PBXGroup;
			children = (
				11671A34234BAD5800D26BDC /* fm_grain.cpp */,
				11671A35234BAD5800D26BDC /* fm_grain.hpp */,
				11671A32234BAC6D00D26BDC /* granufm.mc~.cpp */,
			);
			path = granufm.mc;
			sourceTree = "<group>";
		};
		11B5B7101F968D2B006A713D /* Frameworks */ = {
			isa = PBXGroup;
			children = (
				21D875F921597BF30068B7BD /* IOKit.framework */,
				11B5B7111F968D2B006A713D /* MaxAudioAPI.framework */,
			);
			name = Frameworks;
			sourceTree = "<group>";
		};
		11C4E06F2330C61000557DE7 /* quicktester */ = {
			isa = PBXGroup;
			children = (
				11C4E0702330C61000557DE7 /* main.cpp */,
			);
			path = quicktester;
			sourceTree = "<group>";
		};
		11C4E092233360A600557DE7 /* polybuffer-tester */ = {
			isa = PBXGroup;
			children = (
				11C4E094233360B700557DE7 /* ext_polybuffer.c */,
				11C4E093233360B700557DE7 /* ext_polybuffer.h */,
				11C4E095233360B700557DE7 /* polybuffer_tester.c */,
			);
			path = "polybuffer-tester";
			sourceTree = "<group>";
		};
		11C4E0982333614800557DE7 /* granubuf.mc */ = {
			isa = PBXGroup;
			children = (
				11C4E09C233361C800557DE7 /* grain.cpp */,
				11C4E09B233361C800557DE7 /* grain.hpp */,
				11C4E09D233361C800557DE7 /* granubufmc.cpp */,
			);
			path = granubuf.mc;
			sourceTree = "<group>";
		};
/* End PBXGroup section */

/* Begin PBXNativeTarget section */
		1127E3932376E1B300FED443 /* mc.polywave~ */ = {
			isa = PBXNativeTarget;
			buildConfigurationList = 1127E39C2376E1B300FED443 /* Build configuration list for PBXNativeTarget "mc.polywave~" */;
			buildPhases = (
				1127E3942376E1B300FED443 /* Sources */,
				1127E3982376E1B300FED443 /* Frameworks */,
				1127E39B2376E1B300FED443 /* Resources */,
			);
			buildRules = (
			);
			dependencies = (
			);
			name = "mc.polywave~";
			productName = "svg-lib";
			productReference = 1127E39F2376E1B300FED443 /* mc.polywave~.mxo */;
			productType = "com.apple.product-type.bundle";
		};
		1150BE501B44B42100ABFA9C /* granubuf~ */ = {
			isa = PBXNativeTarget;
			buildConfigurationList = 1150BE591B44B42100ABFA9C /* Build configuration list for PBXNativeTarget "granubuf~" */;
			buildPhases = (
				1150BE511B44B42100ABFA9C /* Sources */,
				1150BE541B44B42100ABFA9C /* Frameworks */,
				1150BE581B44B42100ABFA9C /* Resources */,
			);
			buildRules = (
			);
			dependencies = (
			);
			name = "granubuf~";
			productName = "svg-lib";
			productReference = 1150BE5C1B44B42100ABFA9C /* granubuf~.mxo */;
			productType = "com.apple.product-type.bundle";
		};
		1150BE651B44B7CD00ABFA9C /* polywave~ */ = {
			isa = PBXNativeTarget;
			buildConfigurationList = 1150BE6D1B44B7CD00ABFA9C /* Build configuration list for PBXNativeTarget "polywave~" */;
			buildPhases = (
				1150BE661B44B7CD00ABFA9C /* Sources */,
				1150BE691B44B7CD00ABFA9C /* Frameworks */,
				1150BE6C1B44B7CD00ABFA9C /* Resources */,
			);
			buildRules = (
			);
			dependencies = (
			);
			name = "polywave~";
			productName = "svg-lib";
			productReference = 1150BE701B44B7CD00ABFA9C /* polywave~.mxo */;
			productType = "com.apple.product-type.bundle";
		};
		11671A22234BAB8D00D26BDC /* granufm.mc~ */ = {
			isa = PBXNativeTarget;
			buildConfigurationList = 11671A2D234BAB8D00D26BDC /* Build configuration list for PBXNativeTarget "granufm.mc~" */;
			buildPhases = (
				11671A23234BAB8D00D26BDC /* Sources */,
				11671A29234BAB8D00D26BDC /* Frameworks */,
				11671A2C234BAB8D00D26BDC /* Resources */,
			);
			buildRules = (
			);
			dependencies = (
			);
			name = "granufm.mc~";
			productName = "svg-lib";
			productReference = 11671A30234BAB8D00D26BDC /* granufm.mc~.mxo */;
			productType = "com.apple.product-type.bundle";
		};
		11B5B7011F96805B006A713D /* o.phase.points~ */ = {
			isa = PBXNativeTarget;
			buildConfigurationList = 11B5B7091F96805B006A713D /* Build configuration list for PBXNativeTarget "o.phase.points~" */;
			buildPhases = (
				11B5B7021F96805B006A713D /* Sources */,
				11B5B7051F96805B006A713D /* Frameworks */,
				11B5B7081F96805B006A713D /* Resources */,
			);
			buildRules = (
			);
			dependencies = (
			);
			name = "o.phase.points~";
			productName = "svg-lib";
			productReference = 11B5B70C1F96805B006A713D /* o.phase.points~.mxo */;
			productType = "com.apple.product-type.bundle";
		};
		11C4E046232E5AB200557DE7 /* granubuf.mc~ */ = {
			isa = PBXNativeTarget;
			buildConfigurationList = 11C4E04E232E5AB200557DE7 /* Build configuration list for PBXNativeTarget "granubuf.mc~" */;
			buildPhases = (
				11C4E047232E5AB200557DE7 /* Sources */,
				11C4E04A232E5AB200557DE7 /* Frameworks */,
				11C4E04D232E5AB200557DE7 /* Resources */,
			);
			buildRules = (
			);
			dependencies = (
			);
			name = "granubuf.mc~";
			productName = "svg-lib";
			productReference = 11C4E051232E5AB200557DE7 /* granubuf.mc~.mxo */;
			productType = "com.apple.product-type.bundle";
		};
		11C4E06D2330C61000557DE7 /* quicktester */ = {
			isa = PBXNativeTarget;
			buildConfigurationList = 11C4E0722330C61000557DE7 /* Build configuration list for PBXNativeTarget "quicktester" */;
			buildPhases = (
				11C4E06A2330C61000557DE7 /* Sources */,
				11C4E06B2330C61000557DE7 /* Frameworks */,
				11C4E06C2330C61000557DE7 /* CopyFiles */,
			);
			buildRules = (
			);
			dependencies = (
			);
			name = quicktester;
			productName = quicktester;
			productReference = 11C4E06E2330C61000557DE7 /* quicktester */;
			productType = "com.apple.product-type.tool";
		};
		11C4E07523310A0900557DE7 /* mc.tester~ */ = {
			isa = PBXNativeTarget;
			buildConfigurationList = 11C4E07F23310A0900557DE7 /* Build configuration list for PBXNativeTarget "mc.tester~" */;
			buildPhases = (
				11C4E07623310A0900557DE7 /* Sources */,
				11C4E07B23310A0900557DE7 /* Frameworks */,
				11C4E07E23310A0900557DE7 /* Resources */,
			);
			buildRules = (
			);
			dependencies = (
			);
			name = "mc.tester~";
			productName = "svg-lib";
			productReference = 11C4E08223310A0900557DE7 /* mc.tester~.mxo */;
			productType = "com.apple.product-type.bundle";
		};
		11C4E0862333604500557DE7 /* polybuffer_tester */ = {
			isa = PBXNativeTarget;
			buildConfigurationList = 11C4E08E2333604500557DE7 /* Build configuration list for PBXNativeTarget "polybuffer_tester" */;
			buildPhases = (
				11C4E0872333604500557DE7 /* Sources */,
				11C4E08A2333604500557DE7 /* Frameworks */,
				11C4E08D2333604500557DE7 /* Resources */,
			);
			buildRules = (
			);
			dependencies = (
			);
			name = polybuffer_tester;
			productName = "svg-lib";
			productReference = 11C4E0912333604500557DE7 /* polybuffer_tester.mxo */;
			productType = "com.apple.product-type.bundle";
		};
		11D1B9791B44B9A3000DED3C /* granufm~ */ = {
			isa = PBXNativeTarget;
			buildConfigurationList = 11D1B9811B44B9A3000DED3C /* Build configuration list for PBXNativeTarget "granufm~" */;
			buildPhases = (
				11D1B97A1B44B9A3000DED3C /* Sources */,
				11D1B97D1B44B9A3000DED3C /* Frameworks */,
				11D1B9801B44B9A3000DED3C /* Resources */,
			);
			buildRules = (
			);
			dependencies = (
			);
			name = "granufm~";
			productName = "svg-lib";
			productReference = 11D1B9841B44B9A3000DED3C /* granufm~.mxo */;
			productType = "com.apple.product-type.bundle";
		};
		11D1B9861B44BA0B000DED3C /* shot-ms~ */ = {
			isa = PBXNativeTarget;
			buildConfigurationList = 11D1B98E1B44BA0B000DED3C /* Build configuration list for PBXNativeTarget "shot-ms~" */;
			buildPhases = (
				11D1B9871B44BA0B000DED3C /* Sources */,
				11D1B98A1B44BA0B000DED3C /* Frameworks */,
				11D1B98D1B44BA0B000DED3C /* Resources */,
			);
			buildRules = (
			);
			dependencies = (
			);
			name = "shot-ms~";
			productName = "svg-lib";
			productReference = 11D1B9911B44BA0B000DED3C /* shot-ms~.mxo */;
			productType = "com.apple.product-type.bundle";
		};
		11D1B9941B44BA5C000DED3C /* localpeak~ */ = {
			isa = PBXNativeTarget;
			buildConfigurationList = 11D1B99C1B44BA5C000DED3C /* Build configuration list for PBXNativeTarget "localpeak~" */;
			buildPhases = (
				11D1B9951B44BA5C000DED3C /* Sources */,
				11D1B9981B44BA5C000DED3C /* Frameworks */,
				11D1B99B1B44BA5C000DED3C /* Resources */,
			);
			buildRules = (
			);
			dependencies = (
			);
			name = "localpeak~";
			productName = "svg-lib";
			productReference = 11D1B99F1B44BA5C000DED3C /* localpeak~.mxo */;
			productType = "com.apple.product-type.bundle";
		};
		21D875E6215974A70068B7BD /* temperature */ = {
			isa = PBXNativeTarget;
			buildConfigurationList = 21D875EE215974A70068B7BD /* Build configuration list for PBXNativeTarget "temperature" */;
			buildPhases = (
				21D875E7215974A70068B7BD /* Sources */,
				21D875EA215974A70068B7BD /* Frameworks */,
				21D875ED215974A70068B7BD /* Resources */,
			);
			buildRules = (
			);
			dependencies = (
			);
			name = temperature;
			productName = "svg-lib";
			productReference = 21D875F1215974A70068B7BD /* temperature.mxo */;
			productType = "com.apple.product-type.bundle";
		};
/* End PBXNativeTarget section */

/* Begin PBXProject section */
		1127C3181B1368DD0023344D /* Project object */ = {
			isa = PBXProject;
			attributes = {
				LastUpgradeCheck = 0630;
				ORGANIZATIONNAME = cnmat;
				TargetAttributes = {
					11C4E06D2330C61000557DE7 = {
						CreatedOnToolsVersion = 10.3;
						DevelopmentTeam = 43QFH4NBN8;
						ProvisioningStyle = Automatic;
					};
				};
			};
			buildConfigurationList = 1127C31B1B1368DD0023344D /* Build configuration list for PBXProject "tilde" */;
			compatibilityVersion = "Xcode 3.2";
			developmentRegion = English;
			hasScannedForEncodings = 0;
			knownRegions = (
				English,
				en,
			);
			mainGroup = 1127C3171B1368DD0023344D;
			productRefGroup = 1127C3211B1368DD0023344D /* Products */;
			projectDirPath = "";
			projectRoot = "";
			targets = (
				1150BE501B44B42100ABFA9C /* granubuf~ */,
				11D1B9791B44B9A3000DED3C /* granufm~ */,
				1150BE651B44B7CD00ABFA9C /* polywave~ */,
				11D1B9861B44BA0B000DED3C /* shot-ms~ */,
				11D1B9941B44BA5C000DED3C /* localpeak~ */,
				11B5B7011F96805B006A713D /* o.phase.points~ */,
				21D875E6215974A70068B7BD /* temperature */,
				11C4E046232E5AB200557DE7 /* granubuf.mc~ */,
				11C4E06D2330C61000557DE7 /* quicktester */,
				11C4E07523310A0900557DE7 /* mc.tester~ */,
				11C4E0862333604500557DE7 /* polybuffer_tester */,
				11671A22234BAB8D00D26BDC /* granufm.mc~ */,
				1127E3932376E1B300FED443 /* mc.polywave~ */,
			);
		};
/* End PBXProject section */

/* Begin PBXResourcesBuildPhase section */
		1127E39B2376E1B300FED443 /* Resources */ = {
			isa = PBXResourcesBuildPhase;
			buildActionMask = 2147483647;
			files = (
			);
			runOnlyForDeploymentPostprocessing = 0;
		};
		1150BE581B44B42100ABFA9C /* Resources */ = {
			isa = PBXResourcesBuildPhase;
			buildActionMask = 2147483647;
			files = (
			);
			runOnlyForDeploymentPostprocessing = 0;
		};
		1150BE6C1B44B7CD00ABFA9C /* Resources */ = {
			isa = PBXResourcesBuildPhase;
			buildActionMask = 2147483647;
			files = (
			);
			runOnlyForDeploymentPostprocessing = 0;
		};
		11671A2C234BAB8D00D26BDC /* Resources */ = {
			isa = PBXResourcesBuildPhase;
			buildActionMask = 2147483647;
			files = (
			);
			runOnlyForDeploymentPostprocessing = 0;
		};
		11B5B7081F96805B006A713D /* Resources */ = {
			isa = PBXResourcesBuildPhase;
			buildActionMask = 2147483647;
			files = (
			);
			runOnlyForDeploymentPostprocessing = 0;
		};
		11C4E04D232E5AB200557DE7 /* Resources */ = {
			isa = PBXResourcesBuildPhase;
			buildActionMask = 2147483647;
			files = (
			);
			runOnlyForDeploymentPostprocessing = 0;
		};
		11C4E07E23310A0900557DE7 /* Resources */ = {
			isa = PBXResourcesBuildPhase;
			buildActionMask = 2147483647;
			files = (
			);
			runOnlyForDeploymentPostprocessing = 0;
		};
		11C4E08D2333604500557DE7 /* Resources */ = {
			isa = PBXResourcesBuildPhase;
			buildActionMask = 2147483647;
			files = (
			);
			runOnlyForDeploymentPostprocessing = 0;
		};
		11D1B9801B44B9A3000DED3C /* Resources */ = {
			isa = PBXResourcesBuildPhase;
			buildActionMask = 2147483647;
			files = (
			);
			runOnlyForDeploymentPostprocessing = 0;
		};
		11D1B98D1B44BA0B000DED3C /* Resources */ = {
			isa = PBXResourcesBuildPhase;
			buildActionMask = 2147483647;
			files = (
			);
			runOnlyForDeploymentPostprocessing = 0;
		};
		11D1B99B1B44BA5C000DED3C /* Resources */ = {
			isa = PBXResourcesBuildPhase;
			buildActionMask = 2147483647;
			files = (
			);
			runOnlyForDeploymentPostprocessing = 0;
		};
		21D875ED215974A70068B7BD /* Resources */ = {
			isa = PBXResourcesBuildPhase;
			buildActionMask = 2147483647;
			files = (
			);
			runOnlyForDeploymentPostprocessing = 0;
		};
/* End PBXResourcesBuildPhase section */

/* Begin PBXSourcesBuildPhase section */
		1127E3942376E1B300FED443 /* Sources */ = {
			isa = PBXSourcesBuildPhase;
			buildActionMask = 2147483647;
			files = (
				1127E3AE2376E4A700FED443 /* mc.polywave~.cpp in Sources */,
				1127E3A32376E34800FED443 /* buffer_proxy.cpp in Sources */,
				1127E3952376E1B300FED443 /* granufm.mc~.cpp in Sources */,
				1127E3962376E1B300FED443 /* commonsyms.c in Sources */,
				1127E3972376E1B300FED443 /* fm_grain.cpp in Sources */,
				1127E3A72376E38B00FED443 /* granu_mc_utils.cpp in Sources */,
			);
			runOnlyForDeploymentPostprocessing = 0;
		};
		1150BE511B44B42100ABFA9C /* Sources */ = {
			isa = PBXSourcesBuildPhase;
			buildActionMask = 2147483647;
			files = (
				11C4E0A22333679F00557DE7 /* commonsyms.c in Sources */,
				1150BE5E1B44B43800ABFA9C /* granubuf~.c in Sources */,
			);
			runOnlyForDeploymentPostprocessing = 0;
		};
		1150BE661B44B7CD00ABFA9C /* Sources */ = {
			isa = PBXSourcesBuildPhase;
			buildActionMask = 2147483647;
			files = (
				11C4E0A42333679F00557DE7 /* commonsyms.c in Sources */,
				1150BE721B44B81400ABFA9C /* polywave~.c in Sources */,
			);
			runOnlyForDeploymentPostprocessing = 0;
		};
		11671A23234BAB8D00D26BDC /* Sources */ = {
			isa = PBXSourcesBuildPhase;
			buildActionMask = 2147483647;
			files = (
				11671A33234BAC6D00D26BDC /* granufm.mc~.cpp in Sources */,
				11671A25234BAB8D00D26BDC /* commonsyms.c in Sources */,
				11671A36234BAD5800D26BDC /* fm_grain.cpp in Sources */,
			);
			runOnlyForDeploymentPostprocessing = 0;
		};
		11B5B7021F96805B006A713D /* Sources */ = {
			isa = PBXSourcesBuildPhase;
			buildActionMask = 2147483647;
			files = (
				11C4E0A72333679F00557DE7 /* commonsyms.c in Sources */,
				11B5B70F1F96808D006A713D /* o.phase.points~.cpp in Sources */,
			);
			runOnlyForDeploymentPostprocessing = 0;
		};
		11C4E047232E5AB200557DE7 /* Sources */ = {
			isa = PBXSourcesBuildPhase;
			buildActionMask = 2147483647;
			files = (
				1127E3AB2376E44E00FED443 /* buffer_proxy.cpp in Sources */,
				11C4E09F233361C800557DE7 /* grain.cpp in Sources */,
				11C4E0A92333679F00557DE7 /* commonsyms.c in Sources */,
				11C4E0A0233361C800557DE7 /* granubufmc.cpp in Sources */,
			);
			runOnlyForDeploymentPostprocessing = 0;
		};
		11C4E06A2330C61000557DE7 /* Sources */ = {
			isa = PBXSourcesBuildPhase;
			buildActionMask = 2147483647;
			files = (
				11C4E0712330C61000557DE7 /* main.cpp in Sources */,
			);
			runOnlyForDeploymentPostprocessing = 0;
		};
		11C4E07623310A0900557DE7 /* Sources */ = {
			isa = PBXSourcesBuildPhase;
			buildActionMask = 2147483647;
			files = (
				11C4E0AA2333679F00557DE7 /* commonsyms.c in Sources */,
				11C4E08523310A4700557DE7 /* mc.tester~.cpp in Sources */,
			);
			runOnlyForDeploymentPostprocessing = 0;
		};
		11C4E0872333604500557DE7 /* Sources */ = {
			isa = PBXSourcesBuildPhase;
			buildActionMask = 2147483647;
			files = (
				11C4E097233360B700557DE7 /* polybuffer_tester.c in Sources */,
				11C4E0AB2333679F00557DE7 /* commonsyms.c in Sources */,
				11C4E096233360B700557DE7 /* ext_polybuffer.c in Sources */,
			);
			runOnlyForDeploymentPostprocessing = 0;
		};
		11D1B97A1B44B9A3000DED3C /* Sources */ = {
			isa = PBXSourcesBuildPhase;
			buildActionMask = 2147483647;
			files = (
				11C4E0A32333679F00557DE7 /* commonsyms.c in Sources */,
				11D1B9851B44B9C5000DED3C /* granufm~.c in Sources */,
			);
			runOnlyForDeploymentPostprocessing = 0;
		};
		11D1B9871B44BA0B000DED3C /* Sources */ = {
			isa = PBXSourcesBuildPhase;
			buildActionMask = 2147483647;
			files = (
				11C4E0A52333679F00557DE7 /* commonsyms.c in Sources */,
				11D1B9931B44BA41000DED3C /* shot.ms~.c in Sources */,
			);
			runOnlyForDeploymentPostprocessing = 0;
		};
		11D1B9951B44BA5C000DED3C /* Sources */ = {
			isa = PBXSourcesBuildPhase;
			buildActionMask = 2147483647;
			files = (
				11C4E0A62333679F00557DE7 /* commonsyms.c in Sources */,
				11D1B9A11B44BA8B000DED3C /* localpeak~.c in Sources */,
			);
			runOnlyForDeploymentPostprocessing = 0;
		};
		21D875E7215974A70068B7BD /* Sources */ = {
			isa = PBXSourcesBuildPhase;
			buildActionMask = 2147483647;
			files = (
				1127E3AA2376E3FF00FED443 /* smc.c in Sources */,
				11C4E0A82333679F00557DE7 /* commonsyms.c in Sources */,
				21D875F52159762C0068B7BD /* temperature.c in Sources */,
			);
			runOnlyForDeploymentPostprocessing = 0;
		};
/* End PBXSourcesBuildPhase section */

/* Begin XCBuildConfiguration section */
		1127C3251B1368DD0023344D /* Debug */ = {
			isa = XCBuildConfiguration;
			buildSettings = {
				ALWAYS_SEARCH_USER_PATHS = NO;
				ARCHS = "$(ARCHS_STANDARD)";
				CLANG_CXX_LANGUAGE_STANDARD = "gnu++0x";
				CLANG_CXX_LIBRARY = "libc++";
				CLANG_ENABLE_MODULES = NO;
				CLANG_ENABLE_OBJC_ARC = YES;
				CLANG_WARN_BOOL_CONVERSION = YES;
				CLANG_WARN_CONSTANT_CONVERSION = YES;
				CLANG_WARN_DIRECT_OBJC_ISA_USAGE = YES_ERROR;
				CLANG_WARN_EMPTY_BODY = YES;
				CLANG_WARN_ENUM_CONVERSION = YES;
				CLANG_WARN_INT_CONVERSION = YES;
				CLANG_WARN_OBJC_ROOT_CLASS = YES_ERROR;
				CLANG_WARN_UNREACHABLE_CODE = YES;
				CLANG_WARN__DUPLICATE_METHOD_MATCH = YES;
				COPY_PHASE_STRIP = NO;
				DEBUG_INFORMATION_FORMAT = dwarf;
				ENABLE_NS_ASSERTIONS = YES;
				ENABLE_STRICT_OBJC_MSGSEND = NO;
				FRAMEWORK_SEARCH_PATHS = (
					/Library/Frameworks,
					"\"$(SRCROOT)/../max-sdk-base/c74support/max-includes\"",
					"\"$(SRCROOT)/../max-sdk-base/c74support/msp-includes\"",
				);
				GCC_C_LANGUAGE_STANDARD = gnu99;
				GCC_DYNAMIC_NO_PIC = NO;
				GCC_GENERATE_DEBUGGING_SYMBOLS = NO;
				GCC_INLINES_ARE_PRIVATE_EXTERN = YES;
				GCC_NO_COMMON_BLOCKS = NO;
				GCC_OPTIMIZATION_LEVEL = 0;
				GCC_PRECOMPILE_PREFIX_HEADER = YES;
				GCC_PREFIX_HEADER = "../max-sdk-base/c74support/max-includes/macho-prefix.pch";
				GCC_PREPROCESSOR_DEFINITIONS = (
					"DEBUG=1",
					"$(inherited)",
				);
				GCC_SYMBOLS_PRIVATE_EXTERN = NO;
				GCC_WARN_64_TO_32_BIT_CONVERSION = YES;
				GCC_WARN_ABOUT_RETURN_TYPE = YES_ERROR;
				GCC_WARN_UNDECLARED_SELECTOR = YES;
				GCC_WARN_UNINITIALIZED_AUTOS = YES_AGGRESSIVE;
				GCC_WARN_UNUSED_FUNCTION = NO;
				GCC_WARN_UNUSED_VARIABLE = YES;
				GENERATE_MASTER_OBJECT_FILE = YES;
				HEADER_SEARCH_PATHS = (
					"$(inherited)",
					"\"$(SRCROOT)/../max-sdk-base/c74support/max-includes\"",
					/Applications/Xcode.app/Contents/Developer/Toolchains/XcodeDefault.xctoolchain/usr/include,
					"\"$(SRCROOT)/../libo\"",
					"\"$(SRCROOT)/../libomax\"",
					"\"$(SRCROOT)/include\"",
					"\"$(SRCROOT)/../max-sdk-base/c74support/msp-includes\"",
				);
				INFOPLIST_FILE = "src/$(TARGET_NAME)/Info.plist";
				LIBRARY_SEARCH_PATHS = (
					"\"$(SRCROOT)/../libo\"",
					"\"$(SRCROOT)/../libomax\"",
				);
				MACOSX_DEPLOYMENT_TARGET = 10.10;
				MTL_ENABLE_DEBUG_INFO = YES;
				ONLY_ACTIVE_ARCH = YES;
				OTHER_CFLAGS = (
					"-DNO_TRANSLATION_SUPPORT",
					"-g",
					"-fPIC",
				);
				OTHER_LDFLAGS = "@../max-sdk-base/c74support/max-includes/c74_linker_flags.txt";
				PRELINK_LIBS = "\"$(SRCROOT)/../libo/libo.a\" \"$(SRCROOT)/../libomax/libomax.a\"";
				SDKROOT = macosx;
				SYMROOT = build;
				WARNING_CFLAGS = (
					"-Wmost",
					"-Wno-four-char-constants",
					"-Wno-unknown-pragmas",
				);
				WRAPPER_EXTENSION = mxo;
			};
			name = Debug;
		};
		1127C3261B1368DD0023344D /* Release */ = {
			isa = XCBuildConfiguration;
			buildSettings = {
				ALWAYS_SEARCH_USER_PATHS = NO;
				ARCHS = "$(ARCHS_STANDARD)";
				CLANG_CXX_LANGUAGE_STANDARD = "gnu++0x";
				CLANG_CXX_LIBRARY = "libc++";
				CLANG_ENABLE_MODULES = NO;
				CLANG_ENABLE_OBJC_ARC = YES;
				CLANG_WARN_BOOL_CONVERSION = YES;
				CLANG_WARN_CONSTANT_CONVERSION = YES;
				CLANG_WARN_DIRECT_OBJC_ISA_USAGE = YES_ERROR;
				CLANG_WARN_EMPTY_BODY = YES;
				CLANG_WARN_ENUM_CONVERSION = YES;
				CLANG_WARN_INT_CONVERSION = YES;
				CLANG_WARN_OBJC_ROOT_CLASS = YES_ERROR;
				CLANG_WARN_UNREACHABLE_CODE = YES;
				CLANG_WARN__DUPLICATE_METHOD_MATCH = YES;
				COPY_PHASE_STRIP = NO;
				DEBUG_INFORMATION_FORMAT = "dwarf-with-dsym";
				ENABLE_NS_ASSERTIONS = YES;
				ENABLE_STRICT_OBJC_MSGSEND = NO;
				FRAMEWORK_SEARCH_PATHS = (
					/Library/Frameworks,
					"\"$(SRCROOT)/../max-sdk-base/c74support/max-includes\"",
					"\"$(SRCROOT)/../max-sdk-base/c74support/msp-includes\"",
				);
				GCC_C_LANGUAGE_STANDARD = gnu99;
				GCC_GENERATE_DEBUGGING_SYMBOLS = NO;
				GCC_INLINES_ARE_PRIVATE_EXTERN = YES;
				GCC_NO_COMMON_BLOCKS = NO;
				GCC_OPTIMIZATION_LEVEL = 03;
				GCC_PRECOMPILE_PREFIX_HEADER = YES;
				GCC_PREFIX_HEADER = "../max-sdk-base/c74support/max-includes/macho-prefix.pch";
				GCC_UNROLL_LOOPS = YES;
				GCC_WARN_64_TO_32_BIT_CONVERSION = YES;
				GCC_WARN_ABOUT_RETURN_TYPE = YES_ERROR;
				GCC_WARN_UNDECLARED_SELECTOR = YES;
				GCC_WARN_UNINITIALIZED_AUTOS = YES_AGGRESSIVE;
				GCC_WARN_UNUSED_FUNCTION = NO;
				GCC_WARN_UNUSED_VARIABLE = YES;
				GENERATE_MASTER_OBJECT_FILE = YES;
				HEADER_SEARCH_PATHS = (
					"$(inherited)",
					"\"$(SRCROOT)/../max-sdk-base/c74support/max-includes\"",
					/Applications/Xcode.app/Contents/Developer/Toolchains/XcodeDefault.xctoolchain/usr/include,
					"\"$(SRCROOT)/../libo\"",
					"\"$(SRCROOT)/../libomax\"",
					"\"$(SRCROOT)/include\"",
					"\"$(SRCROOT)/../max-sdk-base/c74support/msp-includes\"",
				);
				INFOPLIST_FILE = "src/$(TARGET_NAME)/Info.plist";
				LIBRARY_SEARCH_PATHS = (
					"\"$(SRCROOT)/../libo\"",
					"\"$(SRCROOT)/../libomax\"",
				);
				MACOSX_DEPLOYMENT_TARGET = 10.10;
				MTL_ENABLE_DEBUG_INFO = NO;
				OTHER_CFLAGS = (
					"-DNO_TRANSLATION_SUPPORT",
					"-g",
					"-O3",
					"-fPIC",
				);
				OTHER_LDFLAGS = "@../max-sdk-base/c74support/max-includes/c74_linker_flags.txt";
				PRELINK_LIBS = "\"$(SRCROOT)/../libo/libo.a\" \"$(SRCROOT)/../libomax/libomax.a\"";
				SDKROOT = macosx;
				SYMROOT = build;
				WARNING_CFLAGS = (
					"-Wmost",
					"-Wno-four-char-constants",
					"-Wno-unknown-pragmas",
				);
				WRAPPER_EXTENSION = mxo;
			};
			name = Release;
		};
		1127E39D2376E1B300FED443 /* Debug */ = {
			isa = XCBuildConfiguration;
			buildSettings = {
				ALWAYS_SEARCH_USER_PATHS = YES;
				ARCHS = "$(inherited)";
				COMBINE_HIDPI_IMAGES = YES;
				DSTROOT = "$(PROJECT_DIR)/build";
				FRAMEWORK_SEARCH_PATHS = "$(inherited)";
				GCC_PREFIX_HEADER = "$(inherited)";
				HEADER_SEARCH_PATHS = "$(inherited)";
				INFOPLIST_FILE = "$(inherited)";
				INSTALL_PATH = "$(PROJECT_DIR)/externals";
				LIBRARY_SEARCH_PATHS = "$(inherited) ";
				MACOSX_DEPLOYMENT_TARGET = "$(inherited)";
				OTHER_LDFLAGS = "$(inherited)";
				PRELINK_LIBS = "$(inherited)";
				PRODUCT_NAME = "$(TARGET_NAME)";
				SKIP_INSTALL = NO;
				STRIP_INSTALLED_PRODUCT = NO;
				STRIP_STYLE = all;
				SYMROOT = build;
				USER_HEADER_SEARCH_PATHS = "${SDK_DIR}\"/usr/include/libxml2";
				WRAPPER_EXTENSION = mxo;
			};
			name = Debug;
		};
		1127E39E2376E1B300FED443 /* Release */ = {
			isa = XCBuildConfiguration;
			buildSettings = {
				ALWAYS_SEARCH_USER_PATHS = YES;
				ARCHS = "$(inherited)";
				COMBINE_HIDPI_IMAGES = YES;
				COPY_PHASE_STRIP = YES;
				DSTROOT = "$(PROJECT_DIR)/build";
				FRAMEWORK_SEARCH_PATHS = "$(inherited)";
				GCC_PREFIX_HEADER = "$(inherited)";
				HEADER_SEARCH_PATHS = "$(inherited)";
				INFOPLIST_FILE = "$(inherited)";
				INSTALL_PATH = "$(PROJECT_DIR)/externals";
				LIBRARY_SEARCH_PATHS = "$(inherited) ";
				MACOSX_DEPLOYMENT_TARGET = "$(inherited)";
				OTHER_LDFLAGS = "$(inherited)";
				PRELINK_LIBS = "$(inherited)";
				PRODUCT_NAME = "$(TARGET_NAME)";
				SKIP_INSTALL = NO;
				STRIP_INSTALLED_PRODUCT = NO;
				STRIP_STYLE = all;
				SYMROOT = build;
				USER_HEADER_SEARCH_PATHS = "${SDK_DIR}\"/usr/include/libxml2";
				WRAPPER_EXTENSION = mxo;
			};
			name = Release;
		};
		1150BE5A1B44B42100ABFA9C /* Debug */ = {
			isa = XCBuildConfiguration;
			buildSettings = {
				ALWAYS_SEARCH_USER_PATHS = YES;
				ARCHS = "$(inherited)";
				COMBINE_HIDPI_IMAGES = YES;
				DSTROOT = "$(PROJECT_DIR)/build";
				FRAMEWORK_SEARCH_PATHS = "$(inherited)";
				GCC_PREFIX_HEADER = "$(inherited)";
				HEADER_SEARCH_PATHS = "$(inherited)";
				INFOPLIST_FILE = "$(inherited)";
				INSTALL_PATH = "$(PROJECT_DIR)/externals";
				LIBRARY_SEARCH_PATHS = "$(inherited) ";
				MACOSX_DEPLOYMENT_TARGET = "$(inherited)";
				OTHER_LDFLAGS = "$(inherited)";
				PRELINK_LIBS = "$(inherited)";
				PRODUCT_NAME = "granubuf~";
				SKIP_INSTALL = NO;
				STRIP_INSTALLED_PRODUCT = NO;
				STRIP_STYLE = all;
				SYMROOT = build;
				USER_HEADER_SEARCH_PATHS = "${SDK_DIR}\"/usr/include/libxml2";
				WRAPPER_EXTENSION = mxo;
			};
			name = Debug;
		};
		1150BE5B1B44B42100ABFA9C /* Release */ = {
			isa = XCBuildConfiguration;
			buildSettings = {
				ALWAYS_SEARCH_USER_PATHS = YES;
				ARCHS = "$(inherited)";
				COMBINE_HIDPI_IMAGES = YES;
				COPY_PHASE_STRIP = YES;
				DSTROOT = "$(PROJECT_DIR)/build";
				FRAMEWORK_SEARCH_PATHS = "$(inherited)";
				GCC_PREFIX_HEADER = "$(inherited)";
				HEADER_SEARCH_PATHS = "$(inherited)";
				INFOPLIST_FILE = "$(inherited)";
				INSTALL_PATH = "$(PROJECT_DIR)/externals";
				LIBRARY_SEARCH_PATHS = "$(inherited) ";
				MACOSX_DEPLOYMENT_TARGET = "$(inherited)";
				OTHER_LDFLAGS = "$(inherited)";
				PRELINK_LIBS = "$(inherited)";
				PRODUCT_NAME = "granubuf~";
				SKIP_INSTALL = NO;
				STRIP_INSTALLED_PRODUCT = NO;
				STRIP_STYLE = all;
				SYMROOT = build;
				USER_HEADER_SEARCH_PATHS = "${SDK_DIR}\"/usr/include/libxml2";
				WRAPPER_EXTENSION = mxo;
			};
			name = Release;
		};
		1150BE6E1B44B7CD00ABFA9C /* Debug */ = {
			isa = XCBuildConfiguration;
			buildSettings = {
				ALWAYS_SEARCH_USER_PATHS = YES;
				ARCHS = "$(ARCHS_STANDARD_32_64_BIT)";
				COMBINE_HIDPI_IMAGES = YES;
				DSTROOT = "$(PROJECT_DIR)/build";
				FRAMEWORK_SEARCH_PATHS = "$(inherited)";
				INFOPLIST_FILE = "$(inherited)";
				INSTALL_PATH = "$(PROJECT_DIR)/externals";
				LIBRARY_SEARCH_PATHS = (
					"$(inherited)",
					"/Users/r/Documents/dev-lib/libo",
					"/Users/r/Documents/dev-lib/libomax",
				);
				MACOSX_DEPLOYMENT_TARGET = 10.5;
				PRODUCT_NAME = "polywave~";
				SKIP_INSTALL = NO;
				STRIP_INSTALLED_PRODUCT = NO;
				STRIP_STYLE = all;
				SYMROOT = build;
				USER_HEADER_SEARCH_PATHS = "${SDK_DIR}\"/usr/include/libxml2";
				WRAPPER_EXTENSION = mxo;
			};
			name = Debug;
		};
		1150BE6F1B44B7CD00ABFA9C /* Release */ = {
			isa = XCBuildConfiguration;
			buildSettings = {
				ALWAYS_SEARCH_USER_PATHS = YES;
				ARCHS = "$(ARCHS_STANDARD_32_64_BIT)";
				COMBINE_HIDPI_IMAGES = YES;
				COPY_PHASE_STRIP = YES;
				DSTROOT = "$(PROJECT_DIR)/build";
				FRAMEWORK_SEARCH_PATHS = "$(inherited)";
				INFOPLIST_FILE = "$(inherited)";
				INSTALL_PATH = "$(PROJECT_DIR)/externals";
				LIBRARY_SEARCH_PATHS = (
					"$(inherited)",
					"/Users/r/Documents/dev-lib/libo",
					"/Users/r/Documents/dev-lib/libomax",
				);
				MACOSX_DEPLOYMENT_TARGET = 10.5;
				PRODUCT_NAME = "polywave~";
				SKIP_INSTALL = NO;
				STRIP_INSTALLED_PRODUCT = NO;
				STRIP_STYLE = all;
				SYMROOT = build;
				USER_HEADER_SEARCH_PATHS = "${SDK_DIR}\"/usr/include/libxml2";
				WRAPPER_EXTENSION = mxo;
			};
			name = Release;
		};
		11671A2E234BAB8D00D26BDC /* Debug */ = {
			isa = XCBuildConfiguration;
			buildSettings = {
				ALWAYS_SEARCH_USER_PATHS = YES;
				ARCHS = "$(inherited)";
				COMBINE_HIDPI_IMAGES = YES;
				DSTROOT = "$(PROJECT_DIR)/build";
				FRAMEWORK_SEARCH_PATHS = "$(inherited)";
				GCC_PREFIX_HEADER = "$(inherited)";
				HEADER_SEARCH_PATHS = "$(inherited)";
				INFOPLIST_FILE = "$(inherited)";
				INSTALL_PATH = "$(PROJECT_DIR)/externals";
				LIBRARY_SEARCH_PATHS = "$(inherited) ";
				MACOSX_DEPLOYMENT_TARGET = "$(inherited)";
				OTHER_LDFLAGS = "$(inherited)";
				PRELINK_LIBS = "$(inherited)";
				PRODUCT_NAME = "$(TARGET_NAME)";
				SKIP_INSTALL = NO;
				STRIP_INSTALLED_PRODUCT = NO;
				STRIP_STYLE = all;
				SYMROOT = build;
				USER_HEADER_SEARCH_PATHS = "${SDK_DIR}\"/usr/include/libxml2";
				WRAPPER_EXTENSION = mxo;
			};
			name = Debug;
		};
		11671A2F234BAB8D00D26BDC /* Release */ = {
			isa = XCBuildConfiguration;
			buildSettings = {
				ALWAYS_SEARCH_USER_PATHS = YES;
				ARCHS = "$(inherited)";
				COMBINE_HIDPI_IMAGES = YES;
				COPY_PHASE_STRIP = YES;
				DSTROOT = "$(PROJECT_DIR)/build";
				FRAMEWORK_SEARCH_PATHS = "$(inherited)";
				GCC_PREFIX_HEADER = "$(inherited)";
				HEADER_SEARCH_PATHS = "$(inherited)";
				INFOPLIST_FILE = "$(inherited)";
				INSTALL_PATH = "$(PROJECT_DIR)/externals";
				LIBRARY_SEARCH_PATHS = "$(inherited) ";
				MACOSX_DEPLOYMENT_TARGET = "$(inherited)";
				OTHER_LDFLAGS = "$(inherited)";
				PRELINK_LIBS = "$(inherited)";
				PRODUCT_NAME = "$(TARGET_NAME)";
				SKIP_INSTALL = NO;
				STRIP_INSTALLED_PRODUCT = NO;
				STRIP_STYLE = all;
				SYMROOT = build;
				USER_HEADER_SEARCH_PATHS = "${SDK_DIR}\"/usr/include/libxml2";
				WRAPPER_EXTENSION = mxo;
			};
			name = Release;
		};
		11B5B70A1F96805B006A713D /* Debug */ = {
			isa = XCBuildConfiguration;
			buildSettings = {
				ALWAYS_SEARCH_USER_PATHS = YES;
				ARCHS = "$(ARCHS_STANDARD_32_64_BIT)";
				COMBINE_HIDPI_IMAGES = YES;
				DSTROOT = "$(PROJECT_DIR)/build";
				FRAMEWORK_SEARCH_PATHS = (
					/Library/Frameworks,
					"\"$(SRCROOT)/../../max-sdk/source/c74support/max-includes\"",
					"\"$(SRCROOT)/../../max-sdk/source/c74support/msp-includes\"",
				);
				INFOPLIST_FILE = "$(inherited)";
				INSTALL_PATH = "$(PROJECT_DIR)/externals";
				LIBRARY_SEARCH_PATHS = (
					"$(inherited)",
					"/Users/r/Documents/dev-lib/libo",
					"/Users/r/Documents/dev-lib/libomax",
				);
				MACOSX_DEPLOYMENT_TARGET = "$(inherited)";
				OTHER_LDFLAGS = "@../../max-sdk/source/c74support/max-includes/c74_linker_flags.txt";
				PRODUCT_NAME = "$(TARGET_NAME)";
				SKIP_INSTALL = NO;
				STRIP_INSTALLED_PRODUCT = NO;
				STRIP_STYLE = all;
				SYMROOT = build;
				USER_HEADER_SEARCH_PATHS = "${SDK_DIR}\"/usr/include/libxml2";
				WRAPPER_EXTENSION = mxo;
			};
			name = Debug;
		};
		11B5B70B1F96805B006A713D /* Release */ = {
			isa = XCBuildConfiguration;
			buildSettings = {
				ALWAYS_SEARCH_USER_PATHS = YES;
				ARCHS = "$(ARCHS_STANDARD_32_64_BIT)";
				COMBINE_HIDPI_IMAGES = YES;
				COPY_PHASE_STRIP = YES;
				DSTROOT = "$(PROJECT_DIR)/build";
				FRAMEWORK_SEARCH_PATHS = (
					/Library/Frameworks,
					"\"$(SRCROOT)/../../max-sdk/source/c74support/max-includes\"",
					"\"$(SRCROOT)/../../max-sdk/source/c74support/msp-includes\"",
				);
				INFOPLIST_FILE = "$(inherited)";
				INSTALL_PATH = "$(PROJECT_DIR)/externals";
				LIBRARY_SEARCH_PATHS = (
					"$(inherited)",
					"/Users/r/Documents/dev-lib/libo",
					"/Users/r/Documents/dev-lib/libomax",
				);
				MACOSX_DEPLOYMENT_TARGET = "$(inherited)";
				OTHER_LDFLAGS = "@../../max-sdk/source/c74support/max-includes/c74_linker_flags.txt";
				PRODUCT_NAME = "$(TARGET_NAME)";
				SKIP_INSTALL = NO;
				STRIP_INSTALLED_PRODUCT = NO;
				STRIP_STYLE = all;
				SYMROOT = build;
				USER_HEADER_SEARCH_PATHS = "${SDK_DIR}\"/usr/include/libxml2";
				WRAPPER_EXTENSION = mxo;
			};
			name = Release;
		};
		11C4E04F232E5AB200557DE7 /* Debug */ = {
			isa = XCBuildConfiguration;
			buildSettings = {
				ALWAYS_SEARCH_USER_PATHS = YES;
				ARCHS = "$(inherited)";
				COMBINE_HIDPI_IMAGES = YES;
				DSTROOT = "$(PROJECT_DIR)/build";
				FRAMEWORK_SEARCH_PATHS = "$(inherited)";
				GCC_PREFIX_HEADER = "$(inherited)";
				HEADER_SEARCH_PATHS = "$(inherited)";
				INFOPLIST_FILE = "$(inherited)";
				INSTALL_PATH = "$(PROJECT_DIR)/externals";
				LIBRARY_SEARCH_PATHS = "$(inherited) ";
				MACOSX_DEPLOYMENT_TARGET = "$(inherited)";
				OTHER_LDFLAGS = "$(inherited)";
				PRELINK_LIBS = "$(inherited)";
				PRODUCT_NAME = "$(TARGET_NAME)";
				SKIP_INSTALL = NO;
				STRIP_INSTALLED_PRODUCT = NO;
				STRIP_STYLE = all;
				SYMROOT = build;
				USER_HEADER_SEARCH_PATHS = "${SDK_DIR}\"/usr/include/libxml2";
				WRAPPER_EXTENSION = mxo;
			};
			name = Debug;
		};
		11C4E050232E5AB200557DE7 /* Release */ = {
			isa = XCBuildConfiguration;
			buildSettings = {
				ALWAYS_SEARCH_USER_PATHS = YES;
				ARCHS = "$(inherited)";
				COMBINE_HIDPI_IMAGES = YES;
				COPY_PHASE_STRIP = YES;
				DSTROOT = "$(PROJECT_DIR)/build";
				FRAMEWORK_SEARCH_PATHS = "$(inherited)";
				GCC_PREFIX_HEADER = "$(inherited)";
				HEADER_SEARCH_PATHS = "$(inherited)";
				INFOPLIST_FILE = "$(inherited)";
				INSTALL_PATH = "$(PROJECT_DIR)/externals";
				LIBRARY_SEARCH_PATHS = "$(inherited) ";
				MACOSX_DEPLOYMENT_TARGET = "$(inherited)";
				OTHER_LDFLAGS = "$(inherited)";
				PRELINK_LIBS = "$(inherited)";
				PRODUCT_NAME = "$(TARGET_NAME)";
				SKIP_INSTALL = NO;
				STRIP_INSTALLED_PRODUCT = NO;
				STRIP_STYLE = all;
				SYMROOT = build;
				USER_HEADER_SEARCH_PATHS = "${SDK_DIR}\"/usr/include/libxml2";
				WRAPPER_EXTENSION = mxo;
			};
			name = Release;
		};
		11C4E0732330C61000557DE7 /* Debug */ = {
			isa = XCBuildConfiguration;
			buildSettings = {
				CLANG_ANALYZER_NONNULL = YES;
				CLANG_ANALYZER_NUMBER_OBJECT_CONVERSION = YES_AGGRESSIVE;
				CLANG_CXX_LANGUAGE_STANDARD = "gnu++14";
				CLANG_ENABLE_MODULES = YES;
				CLANG_ENABLE_OBJC_WEAK = YES;
				CLANG_WARN_BLOCK_CAPTURE_AUTORELEASING = YES;
				CLANG_WARN_COMMA = YES;
				CLANG_WARN_DEPRECATED_OBJC_IMPLEMENTATIONS = YES;
				CLANG_WARN_DOCUMENTATION_COMMENTS = YES;
				CLANG_WARN_INFINITE_RECURSION = YES;
				CLANG_WARN_NON_LITERAL_NULL_CONVERSION = YES;
				CLANG_WARN_OBJC_IMPLICIT_RETAIN_SELF = YES;
				CLANG_WARN_OBJC_LITERAL_CONVERSION = YES;
				CLANG_WARN_RANGE_LOOP_ANALYSIS = YES;
				CLANG_WARN_STRICT_PROTOTYPES = YES;
				CLANG_WARN_SUSPICIOUS_MOVE = YES;
				CLANG_WARN_UNGUARDED_AVAILABILITY = YES_AGGRESSIVE;
				CODE_SIGN_IDENTITY = "Mac Developer";
				CODE_SIGN_STYLE = Automatic;
				DEVELOPMENT_TEAM = 43QFH4NBN8;
				ENABLE_STRICT_OBJC_MSGSEND = YES;
				ENABLE_TESTABILITY = YES;
				GCC_C_LANGUAGE_STANDARD = gnu11;
				GCC_NO_COMMON_BLOCKS = YES;
				GCC_WARN_UNUSED_FUNCTION = YES;
				MACOSX_DEPLOYMENT_TARGET = 10.14;
				MTL_ENABLE_DEBUG_INFO = INCLUDE_SOURCE;
				MTL_FAST_MATH = YES;
				PRODUCT_NAME = "$(TARGET_NAME)";
			};
			name = Debug;
		};
		11C4E0742330C61000557DE7 /* Release */ = {
			isa = XCBuildConfiguration;
			buildSettings = {
				CLANG_ANALYZER_NONNULL = YES;
				CLANG_ANALYZER_NUMBER_OBJECT_CONVERSION = YES_AGGRESSIVE;
				CLANG_CXX_LANGUAGE_STANDARD = "gnu++14";
				CLANG_ENABLE_MODULES = YES;
				CLANG_ENABLE_OBJC_WEAK = YES;
				CLANG_WARN_BLOCK_CAPTURE_AUTORELEASING = YES;
				CLANG_WARN_COMMA = YES;
				CLANG_WARN_DEPRECATED_OBJC_IMPLEMENTATIONS = YES;
				CLANG_WARN_DOCUMENTATION_COMMENTS = YES;
				CLANG_WARN_INFINITE_RECURSION = YES;
				CLANG_WARN_NON_LITERAL_NULL_CONVERSION = YES;
				CLANG_WARN_OBJC_IMPLICIT_RETAIN_SELF = YES;
				CLANG_WARN_OBJC_LITERAL_CONVERSION = YES;
				CLANG_WARN_RANGE_LOOP_ANALYSIS = YES;
				CLANG_WARN_STRICT_PROTOTYPES = YES;
				CLANG_WARN_SUSPICIOUS_MOVE = YES;
				CLANG_WARN_UNGUARDED_AVAILABILITY = YES_AGGRESSIVE;
				CODE_SIGN_IDENTITY = "Mac Developer";
				CODE_SIGN_STYLE = Automatic;
				DEVELOPMENT_TEAM = 43QFH4NBN8;
				ENABLE_NS_ASSERTIONS = NO;
				ENABLE_STRICT_OBJC_MSGSEND = YES;
				GCC_C_LANGUAGE_STANDARD = gnu11;
				GCC_NO_COMMON_BLOCKS = YES;
				GCC_WARN_UNUSED_FUNCTION = YES;
				MACOSX_DEPLOYMENT_TARGET = 10.14;
				MTL_FAST_MATH = YES;
				PRODUCT_NAME = "$(TARGET_NAME)";
			};
			name = Release;
		};
		11C4E08023310A0900557DE7 /* Debug */ = {
			isa = XCBuildConfiguration;
			buildSettings = {
				ALWAYS_SEARCH_USER_PATHS = YES;
				ARCHS = "$(inherited)";
				COMBINE_HIDPI_IMAGES = YES;
				DSTROOT = "$(PROJECT_DIR)/build";
				FRAMEWORK_SEARCH_PATHS = "$(inherited)";
				GCC_PREFIX_HEADER = "$(inherited)";
				HEADER_SEARCH_PATHS = "$(inherited)";
				INFOPLIST_FILE = "$(inherited)";
				INSTALL_PATH = "$(PROJECT_DIR)/externals";
				LIBRARY_SEARCH_PATHS = "$(inherited) ";
				MACOSX_DEPLOYMENT_TARGET = "$(inherited)";
				OTHER_LDFLAGS = "$(inherited)";
				PRELINK_LIBS = "$(inherited)";
				PRODUCT_NAME = "$(TARGET_NAME)";
				SKIP_INSTALL = NO;
				STRIP_INSTALLED_PRODUCT = NO;
				STRIP_STYLE = all;
				SYMROOT = build;
				USER_HEADER_SEARCH_PATHS = "${SDK_DIR}\"/usr/include/libxml2";
				WRAPPER_EXTENSION = mxo;
			};
			name = Debug;
		};
		11C4E08123310A0900557DE7 /* Release */ = {
			isa = XCBuildConfiguration;
			buildSettings = {
				ALWAYS_SEARCH_USER_PATHS = YES;
				ARCHS = "$(inherited)";
				COMBINE_HIDPI_IMAGES = YES;
				COPY_PHASE_STRIP = YES;
				DSTROOT = "$(PROJECT_DIR)/build";
				FRAMEWORK_SEARCH_PATHS = "$(inherited)";
				GCC_PREFIX_HEADER = "$(inherited)";
				HEADER_SEARCH_PATHS = "$(inherited)";
				INFOPLIST_FILE = "$(inherited)";
				INSTALL_PATH = "$(PROJECT_DIR)/externals";
				LIBRARY_SEARCH_PATHS = "$(inherited) ";
				MACOSX_DEPLOYMENT_TARGET = "$(inherited)";
				OTHER_LDFLAGS = "$(inherited)";
				PRELINK_LIBS = "$(inherited)";
				PRODUCT_NAME = "$(TARGET_NAME)";
				SKIP_INSTALL = NO;
				STRIP_INSTALLED_PRODUCT = NO;
				STRIP_STYLE = all;
				SYMROOT = build;
				USER_HEADER_SEARCH_PATHS = "${SDK_DIR}\"/usr/include/libxml2";
				WRAPPER_EXTENSION = mxo;
			};
			name = Release;
		};
		11C4E08F2333604500557DE7 /* Debug */ = {
			isa = XCBuildConfiguration;
			buildSettings = {
				ALWAYS_SEARCH_USER_PATHS = YES;
				ARCHS = "$(inherited)";
				COMBINE_HIDPI_IMAGES = YES;
				DSTROOT = "$(PROJECT_DIR)/build";
				FRAMEWORK_SEARCH_PATHS = "$(inherited)";
				GCC_PREFIX_HEADER = "$(inherited)";
				HEADER_SEARCH_PATHS = "$(inherited)";
				INFOPLIST_FILE = "$(inherited)";
				INSTALL_PATH = "$(PROJECT_DIR)/externals";
				LIBRARY_SEARCH_PATHS = "$(inherited) ";
				MACOSX_DEPLOYMENT_TARGET = "$(inherited)";
				OTHER_LDFLAGS = "$(inherited)";
				PRELINK_LIBS = "$(inherited)";
				PRODUCT_NAME = "$(TARGET_NAME)";
				SKIP_INSTALL = NO;
				STRIP_INSTALLED_PRODUCT = NO;
				STRIP_STYLE = all;
				SYMROOT = build;
				USER_HEADER_SEARCH_PATHS = "${SDK_DIR}\"/usr/include/libxml2";
				WRAPPER_EXTENSION = mxo;
			};
			name = Debug;
		};
		11C4E0902333604500557DE7 /* Release */ = {
			isa = XCBuildConfiguration;
			buildSettings = {
				ALWAYS_SEARCH_USER_PATHS = YES;
				ARCHS = "$(inherited)";
				COMBINE_HIDPI_IMAGES = YES;
				COPY_PHASE_STRIP = YES;
				DSTROOT = "$(PROJECT_DIR)/build";
				FRAMEWORK_SEARCH_PATHS = "$(inherited)";
				GCC_PREFIX_HEADER = "$(inherited)";
				HEADER_SEARCH_PATHS = "$(inherited)";
				INFOPLIST_FILE = "$(inherited)";
				INSTALL_PATH = "$(PROJECT_DIR)/externals";
				LIBRARY_SEARCH_PATHS = "$(inherited) ";
				MACOSX_DEPLOYMENT_TARGET = "$(inherited)";
				OTHER_LDFLAGS = "$(inherited)";
				PRELINK_LIBS = "$(inherited)";
				PRODUCT_NAME = "$(TARGET_NAME)";
				SKIP_INSTALL = NO;
				STRIP_INSTALLED_PRODUCT = NO;
				STRIP_STYLE = all;
				SYMROOT = build;
				USER_HEADER_SEARCH_PATHS = "${SDK_DIR}\"/usr/include/libxml2";
				WRAPPER_EXTENSION = mxo;
			};
			name = Release;
		};
		11D1B9821B44B9A3000DED3C /* Debug */ = {
			isa = XCBuildConfiguration;
			buildSettings = {
				ALWAYS_SEARCH_USER_PATHS = YES;
				ARCHS = "$(ARCHS_STANDARD_32_64_BIT)";
				COMBINE_HIDPI_IMAGES = YES;
				DSTROOT = "$(PROJECT_DIR)/build";
				FRAMEWORK_SEARCH_PATHS = "$(inherited)";
				INFOPLIST_FILE = "$(inherited)";
				INSTALL_PATH = "$(PROJECT_DIR)/externals";
				LIBRARY_SEARCH_PATHS = (
					"$(inherited)",
					"/Users/r/Documents/dev-lib/libo",
					"/Users/r/Documents/dev-lib/libomax",
				);
				MACOSX_DEPLOYMENT_TARGET = 10.5;
				PRODUCT_NAME = "granufm~";
				SKIP_INSTALL = NO;
				STRIP_INSTALLED_PRODUCT = NO;
				STRIP_STYLE = all;
				SYMROOT = build;
				USER_HEADER_SEARCH_PATHS = "${SDK_DIR}\"/usr/include/libxml2";
				WRAPPER_EXTENSION = mxo;
			};
			name = Debug;
		};
		11D1B9831B44B9A3000DED3C /* Release */ = {
			isa = XCBuildConfiguration;
			buildSettings = {
				ALWAYS_SEARCH_USER_PATHS = YES;
				ARCHS = "$(ARCHS_STANDARD_32_64_BIT)";
				COMBINE_HIDPI_IMAGES = YES;
				COPY_PHASE_STRIP = YES;
				DSTROOT = "$(PROJECT_DIR)/build";
				FRAMEWORK_SEARCH_PATHS = "$(inherited)";
				INFOPLIST_FILE = "$(inherited)";
				INSTALL_PATH = "$(PROJECT_DIR)/externals";
				LIBRARY_SEARCH_PATHS = (
					"$(inherited)",
					"/Users/r/Documents/dev-lib/libo",
					"/Users/r/Documents/dev-lib/libomax",
				);
				MACOSX_DEPLOYMENT_TARGET = 10.5;
				PRODUCT_NAME = "granufm~";
				SKIP_INSTALL = NO;
				STRIP_INSTALLED_PRODUCT = NO;
				STRIP_STYLE = all;
				SYMROOT = build;
				USER_HEADER_SEARCH_PATHS = "${SDK_DIR}\"/usr/include/libxml2";
				WRAPPER_EXTENSION = mxo;
			};
			name = Release;
		};
		11D1B98F1B44BA0B000DED3C /* Debug */ = {
			isa = XCBuildConfiguration;
			buildSettings = {
				ALWAYS_SEARCH_USER_PATHS = YES;
				ARCHS = "$(ARCHS_STANDARD_32_64_BIT)";
				COMBINE_HIDPI_IMAGES = YES;
				DSTROOT = "$(PROJECT_DIR)/build";
				FRAMEWORK_SEARCH_PATHS = "$(inherited)";
				INFOPLIST_FILE = "$(inherited)";
				INSTALL_PATH = "$(PROJECT_DIR)/externals";
				LIBRARY_SEARCH_PATHS = (
					"$(inherited)",
					"/Users/r/Documents/dev-lib/libo",
					"/Users/r/Documents/dev-lib/libomax",
				);
				MACOSX_DEPLOYMENT_TARGET = 10.5;
				PRODUCT_NAME = "shot-ms~";
				SKIP_INSTALL = NO;
				STRIP_INSTALLED_PRODUCT = NO;
				STRIP_STYLE = all;
				SYMROOT = build;
				USER_HEADER_SEARCH_PATHS = "${SDK_DIR}\"/usr/include/libxml2";
				WRAPPER_EXTENSION = mxo;
			};
			name = Debug;
		};
		11D1B9901B44BA0B000DED3C /* Release */ = {
			isa = XCBuildConfiguration;
			buildSettings = {
				ALWAYS_SEARCH_USER_PATHS = YES;
				ARCHS = "$(ARCHS_STANDARD_32_64_BIT)";
				COMBINE_HIDPI_IMAGES = YES;
				COPY_PHASE_STRIP = YES;
				DSTROOT = "$(PROJECT_DIR)/build";
				FRAMEWORK_SEARCH_PATHS = "$(inherited)";
				INFOPLIST_FILE = "$(inherited)";
				INSTALL_PATH = "$(PROJECT_DIR)/externals";
				LIBRARY_SEARCH_PATHS = (
					"$(inherited)",
					"/Users/r/Documents/dev-lib/libo",
					"/Users/r/Documents/dev-lib/libomax",
				);
				MACOSX_DEPLOYMENT_TARGET = 10.5;
				PRODUCT_NAME = "shot-ms~";
				SKIP_INSTALL = NO;
				STRIP_INSTALLED_PRODUCT = NO;
				STRIP_STYLE = all;
				SYMROOT = build;
				USER_HEADER_SEARCH_PATHS = "${SDK_DIR}\"/usr/include/libxml2";
				WRAPPER_EXTENSION = mxo;
			};
			name = Release;
		};
		11D1B99D1B44BA5C000DED3C /* Debug */ = {
			isa = XCBuildConfiguration;
			buildSettings = {
				ALWAYS_SEARCH_USER_PATHS = YES;
				ARCHS = "$(ARCHS_STANDARD_32_64_BIT)";
				COMBINE_HIDPI_IMAGES = YES;
				DSTROOT = "$(PROJECT_DIR)/build";
				FRAMEWORK_SEARCH_PATHS = "$(inherited)";
				INFOPLIST_FILE = "$(inherited)";
				INSTALL_PATH = "$(PROJECT_DIR)/externals";
				LIBRARY_SEARCH_PATHS = (
					"$(inherited)",
					"/Users/r/Documents/dev-lib/libo",
					"/Users/r/Documents/dev-lib/libomax",
				);
				MACOSX_DEPLOYMENT_TARGET = 10.5;
				PRODUCT_NAME = "localpeak~";
				SKIP_INSTALL = NO;
				STRIP_INSTALLED_PRODUCT = NO;
				STRIP_STYLE = all;
				SYMROOT = build;
				USER_HEADER_SEARCH_PATHS = "${SDK_DIR}\"/usr/include/libxml2";
				WRAPPER_EXTENSION = mxo;
			};
			name = Debug;
		};
		11D1B99E1B44BA5C000DED3C /* Release */ = {
			isa = XCBuildConfiguration;
			buildSettings = {
				ALWAYS_SEARCH_USER_PATHS = YES;
				ARCHS = "$(ARCHS_STANDARD_32_64_BIT)";
				COMBINE_HIDPI_IMAGES = YES;
				COPY_PHASE_STRIP = YES;
				DSTROOT = "$(PROJECT_DIR)/build";
				FRAMEWORK_SEARCH_PATHS = "$(inherited)";
				INFOPLIST_FILE = "$(inherited)";
				INSTALL_PATH = "$(PROJECT_DIR)/externals";
				LIBRARY_SEARCH_PATHS = (
					"$(inherited)",
					"/Users/r/Documents/dev-lib/libo",
					"/Users/r/Documents/dev-lib/libomax",
				);
				MACOSX_DEPLOYMENT_TARGET = 10.5;
				PRODUCT_NAME = "localpeak~";
				SKIP_INSTALL = NO;
				STRIP_INSTALLED_PRODUCT = NO;
				STRIP_STYLE = all;
				SYMROOT = build;
				USER_HEADER_SEARCH_PATHS = "${SDK_DIR}\"/usr/include/libxml2";
				WRAPPER_EXTENSION = mxo;
			};
			name = Release;
		};
		21D875EF215974A70068B7BD /* Debug */ = {
			isa = XCBuildConfiguration;
			buildSettings = {
				ALWAYS_SEARCH_USER_PATHS = YES;
				ARCHS = "$(ARCHS_STANDARD_32_64_BIT)";
				COMBINE_HIDPI_IMAGES = YES;
				DSTROOT = "$(PROJECT_DIR)/build";
				FRAMEWORK_SEARCH_PATHS = (
					/Library/Frameworks,
					"\"$(SRCROOT)/../../max-sdk/source/c74support/max-includes\"",
					"\"$(SRCROOT)/../../max-sdk/source/c74support/msp-includes\"",
				);
				INFOPLIST_FILE = "$(inherited)";
				INSTALL_PATH = "$(PROJECT_DIR)/externals";
				LIBRARY_SEARCH_PATHS = (
					"$(inherited)",
					"/Users/r/Documents/dev-lib/libo",
					"/Users/r/Documents/dev-lib/libomax",
				);
				MACOSX_DEPLOYMENT_TARGET = "$(inherited)";
				OTHER_LDFLAGS = "@../../max-sdk/source/c74support/max-includes/c74_linker_flags.txt";
				PRODUCT_NAME = "$(TARGET_NAME)";
				SKIP_INSTALL = NO;
				STRIP_INSTALLED_PRODUCT = NO;
				STRIP_STYLE = all;
				SYMROOT = build;
				USER_HEADER_SEARCH_PATHS = "${SDK_DIR}\"/usr/include/libxml2";
				WRAPPER_EXTENSION = mxo;
			};
			name = Debug;
		};
		21D875F0215974A70068B7BD /* Release */ = {
			isa = XCBuildConfiguration;
			buildSettings = {
				ALWAYS_SEARCH_USER_PATHS = YES;
				ARCHS = "$(ARCHS_STANDARD_32_64_BIT)";
				COMBINE_HIDPI_IMAGES = YES;
				COPY_PHASE_STRIP = YES;
				DSTROOT = "$(PROJECT_DIR)/build";
				FRAMEWORK_SEARCH_PATHS = (
					/Library/Frameworks,
					"\"$(SRCROOT)/../../max-sdk/source/c74support/max-includes\"",
					"\"$(SRCROOT)/../../max-sdk/source/c74support/msp-includes\"",
				);
				INFOPLIST_FILE = "$(inherited)";
				INSTALL_PATH = "$(PROJECT_DIR)/externals";
				LIBRARY_SEARCH_PATHS = (
					"$(inherited)",
					"/Users/r/Documents/dev-lib/libo",
					"/Users/r/Documents/dev-lib/libomax",
				);
				MACOSX_DEPLOYMENT_TARGET = "$(inherited)";
				OTHER_LDFLAGS = "@../../max-sdk/source/c74support/max-includes/c74_linker_flags.txt";
				PRODUCT_NAME = "$(TARGET_NAME)";
				SKIP_INSTALL = NO;
				STRIP_INSTALLED_PRODUCT = NO;
				STRIP_STYLE = all;
				SYMROOT = build;
				USER_HEADER_SEARCH_PATHS = "${SDK_DIR}\"/usr/include/libxml2";
				WRAPPER_EXTENSION = mxo;
			};
			name = Release;
		};
/* End XCBuildConfiguration section */

/* Begin XCConfigurationList section */
		1127C31B1B1368DD0023344D /* Build configuration list for PBXProject "tilde" */ = {
			isa = XCConfigurationList;
			buildConfigurations = (
				1127C3251B1368DD0023344D /* Debug */,
				1127C3261B1368DD0023344D /* Release */,
			);
			defaultConfigurationIsVisible = 0;
			defaultConfigurationName = Release;
		};
		1127E39C2376E1B300FED443 /* Build configuration list for PBXNativeTarget "mc.polywave~" */ = {
			isa = XCConfigurationList;
			buildConfigurations = (
				1127E39D2376E1B300FED443 /* Debug */,
				1127E39E2376E1B300FED443 /* Release */,
			);
			defaultConfigurationIsVisible = 0;
			defaultConfigurationName = Release;
		};
		1150BE591B44B42100ABFA9C /* Build configuration list for PBXNativeTarget "granubuf~" */ = {
			isa = XCConfigurationList;
			buildConfigurations = (
				1150BE5A1B44B42100ABFA9C /* Debug */,
				1150BE5B1B44B42100ABFA9C /* Release */,
			);
			defaultConfigurationIsVisible = 0;
			defaultConfigurationName = Release;
		};
		1150BE6D1B44B7CD00ABFA9C /* Build configuration list for PBXNativeTarget "polywave~" */ = {
			isa = XCConfigurationList;
			buildConfigurations = (
				1150BE6E1B44B7CD00ABFA9C /* Debug */,
				1150BE6F1B44B7CD00ABFA9C /* Release */,
			);
			defaultConfigurationIsVisible = 0;
			defaultConfigurationName = Release;
		};
		11671A2D234BAB8D00D26BDC /* Build configuration list for PBXNativeTarget "granufm.mc~" */ = {
			isa = XCConfigurationList;
			buildConfigurations = (
				11671A2E234BAB8D00D26BDC /* Debug */,
				11671A2F234BAB8D00D26BDC /* Release */,
			);
			defaultConfigurationIsVisible = 0;
			defaultConfigurationName = Release;
		};
		11B5B7091F96805B006A713D /* Build configuration list for PBXNativeTarget "o.phase.points~" */ = {
			isa = XCConfigurationList;
			buildConfigurations = (
				11B5B70A1F96805B006A713D /* Debug */,
				11B5B70B1F96805B006A713D /* Release */,
			);
			defaultConfigurationIsVisible = 0;
			defaultConfigurationName = Release;
		};
		11C4E04E232E5AB200557DE7 /* Build configuration list for PBXNativeTarget "granubuf.mc~" */ = {
			isa = XCConfigurationList;
			buildConfigurations = (
				11C4E04F232E5AB200557DE7 /* Debug */,
				11C4E050232E5AB200557DE7 /* Release */,
			);
			defaultConfigurationIsVisible = 0;
			defaultConfigurationName = Release;
		};
		11C4E0722330C61000557DE7 /* Build configuration list for PBXNativeTarget "quicktester" */ = {
			isa = XCConfigurationList;
			buildConfigurations = (
				11C4E0732330C61000557DE7 /* Debug */,
				11C4E0742330C61000557DE7 /* Release */,
			);
			defaultConfigurationIsVisible = 0;
			defaultConfigurationName = Release;
		};
		11C4E07F23310A0900557DE7 /* Build configuration list for PBXNativeTarget "mc.tester~" */ = {
			isa = XCConfigurationList;
			buildConfigurations = (
				11C4E08023310A0900557DE7 /* Debug */,
				11C4E08123310A0900557DE7 /* Release */,
			);
			defaultConfigurationIsVisible = 0;
			defaultConfigurationName = Release;
		};
		11C4E08E2333604500557DE7 /* Build configuration list for PBXNativeTarget "polybuffer_tester" */ = {
			isa = XCConfigurationList;
			buildConfigurations = (
				11C4E08F2333604500557DE7 /* Debug */,
				11C4E0902333604500557DE7 /* Release */,
			);
			defaultConfigurationIsVisible = 0;
			defaultConfigurationName = Release;
		};
		11D1B9811B44B9A3000DED3C /* Build configuration list for PBXNativeTarget "granufm~" */ = {
			isa = XCConfigurationList;
			buildConfigurations = (
				11D1B9821B44B9A3000DED3C /* Debug */,
				11D1B9831B44B9A3000DED3C /* Release */,
			);
			defaultConfigurationIsVisible = 0;
			defaultConfigurationName = Release;
		};
		11D1B98E1B44BA0B000DED3C /* Build configuration list for PBXNativeTarget "shot-ms~" */ = {
			isa = XCConfigurationList;
			buildConfigurations = (
				11D1B98F1B44BA0B000DED3C /* Debug */,
				11D1B9901B44BA0B000DED3C /* Release */,
			);
			defaultConfigurationIsVisible = 0;
			defaultConfigurationName = Release;
		};
		11D1B99C1B44BA5C000DED3C /* Build configuration list for PBXNativeTarget "localpeak~" */ = {
			isa = XCConfigurationList;
			buildConfigurations = (
				11D1B99D1B44BA5C000DED3C /* Debug */,
				11D1B99E1B44BA5C000DED3C /* Release */,
			);
			defaultConfigurationIsVisible = 0;
			defaultConfigurationName = Release;
		};
		21D875EE215974A70068B7BD /* Build configuration list for PBXNativeTarget "temperature" */ = {
			isa = XCConfigurationList;
			buildConfigurations = (
				21D875EF215974A70068B7BD /* Debug */,
				21D875F0215974A70068B7BD /* Release */,
			);
			defaultConfigurationIsVisible = 0;
			defaultConfigurationName = Release;
		};
/* End XCConfigurationList section */
	};
	rootObject = 1127C3181B1368DD0023344D /* Project object */;
}
